// !$*UTF8*$!
{
	archiveVersion = 1;
	classes = {
	};
	objectVersion = 60;
	objects = {

/* Begin PBXBuildFile section */
		E20DC3F72AA0D082001BBD61 /* IAccountFactory.swift in Sources */ = {isa = PBXBuildFile; fileRef = E20DC3F62AA0D082001BBD61 /* IAccountFactory.swift */; };
		E20DC3F92AA0D0D2001BBD61 /* AccountError.swift in Sources */ = {isa = PBXBuildFile; fileRef = E20DC3F82AA0D0D2001BBD61 /* AccountError.swift */; };
		E20DC3FC2AA0D12B001BBD61 /* Data+Extensions.swift in Sources */ = {isa = PBXBuildFile; fileRef = E20DC3FB2AA0D12B001BBD61 /* Data+Extensions.swift */; };
		E20DC4002AA0DF73001BBD61 /* AuthService.swift in Sources */ = {isa = PBXBuildFile; fileRef = E20DC3FF2AA0DF73001BBD61 /* AuthService.swift */; };
		E217D0B129EEB4B900DE5C5F /* AssetModel.swift in Sources */ = {isa = PBXBuildFile; fileRef = E217D0B029EEB4B900DE5C5F /* AssetModel.swift */; };
		E217D0B329EEB77800DE5C5F /* AssetModelType.swift in Sources */ = {isa = PBXBuildFile; fileRef = E217D0B229EEB77800DE5C5F /* AssetModelType.swift */; };
		E217D0B529F054C100DE5C5F /* AppState.swift in Sources */ = {isa = PBXBuildFile; fileRef = E217D0B429F054C100DE5C5F /* AppState.swift */; };
		E217D0B729F0550B00DE5C5F /* LoginStatus.swift in Sources */ = {isa = PBXBuildFile; fileRef = E217D0B629F0550B00DE5C5F /* LoginStatus.swift */; };
		E217D0B929F06B5200DE5C5F /* ProfileViewModel.swift in Sources */ = {isa = PBXBuildFile; fileRef = E217D0B829F06B5200DE5C5F /* ProfileViewModel.swift */; };
		E217D0BB29F17FC700DE5C5F /* ModelSceneView.swift in Sources */ = {isa = PBXBuildFile; fileRef = E217D0BA29F17FC700DE5C5F /* ModelSceneView.swift */; };
		E217D0BD29F192C800DE5C5F /* TinyNFTCards.swift in Sources */ = {isa = PBXBuildFile; fileRef = E217D0BC29F192C800DE5C5F /* TinyNFTCards.swift */; };
		E217D0BF29F1A34000DE5C5F /* NFTDetailsViewModel.swift in Sources */ = {isa = PBXBuildFile; fileRef = E217D0BE29F1A34000DE5C5F /* NFTDetailsViewModel.swift */; };
		E217D0C129F40FB000DE5C5F /* DeveloperCard.swift in Sources */ = {isa = PBXBuildFile; fileRef = E217D0C029F40FB000DE5C5F /* DeveloperCard.swift */; };
		E217D0C329F4464E00DE5C5F /* ProjectCard.swift in Sources */ = {isa = PBXBuildFile; fileRef = E217D0C229F4464E00DE5C5F /* ProjectCard.swift */; };
		E217D0C529F53A3C00DE5C5F /* ProjectCarousel.swift in Sources */ = {isa = PBXBuildFile; fileRef = E217D0C429F53A3B00DE5C5F /* ProjectCarousel.swift */; };
		E217D0C929F5E58C00DE5C5F /* PopularDeveloperRow.swift in Sources */ = {isa = PBXBuildFile; fileRef = E217D0C829F5E58C00DE5C5F /* PopularDeveloperRow.swift */; };
		E217D0CB29F694D500DE5C5F /* PropertyFeatureFullList.swift in Sources */ = {isa = PBXBuildFile; fileRef = E217D0CA29F694D500DE5C5F /* PropertyFeatureFullList.swift */; };
		E217D0CD29F70FB000DE5C5F /* cTransaction.swift in Sources */ = {isa = PBXBuildFile; fileRef = E217D0CC29F70FB000DE5C5F /* cTransaction.swift */; };
		E217D0CF29F7BA0A00DE5C5F /* Valuation.swift in Sources */ = {isa = PBXBuildFile; fileRef = E217D0CE29F7BA0A00DE5C5F /* Valuation.swift */; };
		E217D0D129F7C03400DE5C5F /* Date+Extensions.swift in Sources */ = {isa = PBXBuildFile; fileRef = E217D0D029F7C03400DE5C5F /* Date+Extensions.swift */; };
		E217D0D329F80C1400DE5C5F /* PriceHistoryComponent.swift in Sources */ = {isa = PBXBuildFile; fileRef = E217D0D229F80C1400DE5C5F /* PriceHistoryComponent.swift */; };
		E217D0D529F9C07800DE5C5F /* PurchaseNFTView.swift in Sources */ = {isa = PBXBuildFile; fileRef = E217D0D429F9C07800DE5C5F /* PurchaseNFTView.swift */; };
		E22483252A801FD000AF893C /* KeyChain.swift in Sources */ = {isa = PBXBuildFile; fileRef = E22483242A801FD000AF893C /* KeyChain.swift */; };
		E224832A2A804C8900AF893C /* String+Extensions.swift in Sources */ = {isa = PBXBuildFile; fileRef = E22483292A804C8900AF893C /* String+Extensions.swift */; };
		E224832D2A8077FF00AF893C /* KeychainSwift in Frameworks */ = {isa = PBXBuildFile; productRef = E224832C2A8077FF00AF893C /* KeychainSwift */; };
		E2290DB32B42E05200D5A403 /* RoundButton.swift in Sources */ = {isa = PBXBuildFile; fileRef = E2290DB22B42E05200D5A403 /* RoundButton.swift */; };
		E22C58DA29E8167F0065EEE2 /* LegoApp.swift in Sources */ = {isa = PBXBuildFile; fileRef = E22C58D929E8167F0065EEE2 /* LegoApp.swift */; };
		E22C58DC29E8167F0065EEE2 /* ContentView.swift in Sources */ = {isa = PBXBuildFile; fileRef = E22C58DB29E8167F0065EEE2 /* ContentView.swift */; };
		E22C58DE29E816810065EEE2 /* Assets.xcassets in Resources */ = {isa = PBXBuildFile; fileRef = E22C58DD29E816810065EEE2 /* Assets.xcassets */; };
		E22C58E129E816810065EEE2 /* Preview Assets.xcassets in Resources */ = {isa = PBXBuildFile; fileRef = E22C58E029E816810065EEE2 /* Preview Assets.xcassets */; };
		E22C58E929E8185E0065EEE2 /* Image+Extensions.swift in Sources */ = {isa = PBXBuildFile; fileRef = E22C58E829E8185E0065EEE2 /* Image+Extensions.swift */; };
		E22C58EC29E81A880065EEE2 /* ProfileView.swift in Sources */ = {isa = PBXBuildFile; fileRef = E22C58EB29E81A880065EEE2 /* ProfileView.swift */; };
		E236D9E12B2CAA630073BD38 /* SetupPinAndAccountViewModel.swift in Sources */ = {isa = PBXBuildFile; fileRef = E236D9E02B2CAA630073BD38 /* SetupPinAndAccountViewModel.swift */; };
		E24363E12A753B7D0053FD28 /* SignUpView.swift in Sources */ = {isa = PBXBuildFile; fileRef = E24363E02A753B7D0053FD28 /* SignUpView.swift */; };
		E24363E32A753BA50053FD28 /* SignInView.swift in Sources */ = {isa = PBXBuildFile; fileRef = E24363E22A753BA50053FD28 /* SignInView.swift */; };
		E24363E52A7554D00053FD28 /* RegisterWalletWithMnemonicView.swift in Sources */ = {isa = PBXBuildFile; fileRef = E24363E42A7554D00053FD28 /* RegisterWalletWithMnemonicView.swift */; };
		E24363E72A7557E10053FD28 /* AuthHeaderView.swift in Sources */ = {isa = PBXBuildFile; fileRef = E24363E62A7557E10053FD28 /* AuthHeaderView.swift */; };
		E24363EA2A7567D10053FD28 /* ActionButton.swift in Sources */ = {isa = PBXBuildFile; fileRef = E24363E92A7567D10053FD28 /* ActionButton.swift */; };
		E24363EC2A75BDCD0053FD28 /* BaseView.swift in Sources */ = {isa = PBXBuildFile; fileRef = E24363EB2A75BDCD0053FD28 /* BaseView.swift */; };
		E24363EE2A75BE350053FD28 /* OnboardingView.swift in Sources */ = {isa = PBXBuildFile; fileRef = E24363ED2A75BE350053FD28 /* OnboardingView.swift */; };
		E24363F52A7644920053FD28 /* Pacifico-Regular.ttf in Resources */ = {isa = PBXBuildFile; fileRef = E24363F42A76374A0053FD28 /* Pacifico-Regular.ttf */; };
		E24AE4CE2A7ECE6900FE2903 /* OTPField.swift in Sources */ = {isa = PBXBuildFile; fileRef = E24AE4CD2A7ECE6900FE2903 /* OTPField.swift */; };
		E24AE4D02A7ED33800FE2903 /* OTPView.swift in Sources */ = {isa = PBXBuildFile; fileRef = E24AE4CF2A7ED33800FE2903 /* OTPView.swift */; };
		E24FAA272BA17542003CF17B /* InventoryProgram in Frameworks */ = {isa = PBXBuildFile; productRef = E24FAA262BA17542003CF17B /* InventoryProgram */; };
		E24FAA332BA2E011003CF17B /* NFT+Transactions.swift in Sources */ = {isa = PBXBuildFile; fileRef = E24FAA322BA2E011003CF17B /* NFT+Transactions.swift */; };
		E24FAA352BA32BFD003CF17B /* TransactionUtility.swift in Sources */ = {isa = PBXBuildFile; fileRef = E24FAA342BA32BFD003CF17B /* TransactionUtility.swift */; };
		E24FAA372BA349FF003CF17B /* AccountUtility.swift in Sources */ = {isa = PBXBuildFile; fileRef = E24FAA362BA349FF003CF17B /* AccountUtility.swift */; };
		E24FAA3B2BA350E5003CF17B /* SuccessModifier.swift in Sources */ = {isa = PBXBuildFile; fileRef = E24FAA3A2BA350E5003CF17B /* SuccessModifier.swift */; };
		E24FAA3D2BA373CC003CF17B /* ErrorModifier.swift in Sources */ = {isa = PBXBuildFile; fileRef = E24FAA3C2BA373CC003CF17B /* ErrorModifier.swift */; };
		E24FAA3F2BA450D5003CF17B /* AddressPickerView.swift in Sources */ = {isa = PBXBuildFile; fileRef = E24FAA3E2BA450D5003CF17B /* AddressPickerView.swift */; };
		E24FAA422BA4861D003CF17B /* EnterAmountView.swift in Sources */ = {isa = PBXBuildFile; fileRef = E24FAA412BA4861C003CF17B /* EnterAmountView.swift */; };
		E2579CF029EB46CA006ABEA8 /* AdjustableBannerShape.swift in Sources */ = {isa = PBXBuildFile; fileRef = E2579CEF29EB46CA006ABEA8 /* AdjustableBannerShape.swift */; };
		E2579CF529EBEC94006ABEA8 /* OffsetObservingScrollView.swift in Sources */ = {isa = PBXBuildFile; fileRef = E2579CF429EBEC93006ABEA8 /* OffsetObservingScrollView.swift */; };
		E2579CF829ED195C006ABEA8 /* AdjustableBannerShapeViewModel.swift in Sources */ = {isa = PBXBuildFile; fileRef = E2579CF729ED195B006ABEA8 /* AdjustableBannerShapeViewModel.swift */; };
		E2579CFA29ED199F006ABEA8 /* BannerShape.swift in Sources */ = {isa = PBXBuildFile; fileRef = E2579CF929ED199F006ABEA8 /* BannerShape.swift */; };
		E2579CFC29ED4EA3006ABEA8 /* ScreenSize+Extension.swift in Sources */ = {isa = PBXBuildFile; fileRef = E2579CFB29ED4EA2006ABEA8 /* ScreenSize+Extension.swift */; };
		E2579CFE29ED4F23006ABEA8 /* View+TextFiled.swift in Sources */ = {isa = PBXBuildFile; fileRef = E2579CFD29ED4F22006ABEA8 /* View+TextFiled.swift */; };
		E2579D0029ED8542006ABEA8 /* NFTCard.swift in Sources */ = {isa = PBXBuildFile; fileRef = E2579CFF29ED8542006ABEA8 /* NFTCard.swift */; };
		E2579D0529ED8636006ABEA8 /* NFT.swift in Sources */ = {isa = PBXBuildFile; fileRef = E2579D0429ED8636006ABEA8 /* NFT.swift */; };
		E2579D0829ED86F7006ABEA8 /* Fakery in Frameworks */ = {isa = PBXBuildFile; productRef = E2579D0729ED86F7006ABEA8 /* Fakery */; };
		E2579D0A29ED87FF006ABEA8 /* Double+Extensions.swift in Sources */ = {isa = PBXBuildFile; fileRef = E2579D0929ED87FF006ABEA8 /* Double+Extensions.swift */; };
		E2579D0D29ED8AFF006ABEA8 /* Roboto-Regular.ttf in Resources */ = {isa = PBXBuildFile; fileRef = E2579D0C29ED8AFF006ABEA8 /* Roboto-Regular.ttf */; };
		E2579D0F29ED8B09006ABEA8 /* Roboto-Medium.ttf in Resources */ = {isa = PBXBuildFile; fileRef = E2579D0E29ED8B09006ABEA8 /* Roboto-Medium.ttf */; };
		E2579D1129ED8B14006ABEA8 /* Roboto-Bold.ttf in Resources */ = {isa = PBXBuildFile; fileRef = E2579D1029ED8B13006ABEA8 /* Roboto-Bold.ttf */; };
		E2579D1429ED8C9F006ABEA8 /* Font+Extensions.swift in Sources */ = {isa = PBXBuildFile; fileRef = E2579D1329ED8C9F006ABEA8 /* Font+Extensions.swift */; };
		E2579D1629ED9452006ABEA8 /* Colors+Extensions.swift in Sources */ = {isa = PBXBuildFile; fileRef = E2579D1529ED9452006ABEA8 /* Colors+Extensions.swift */; };
		E2579D1929ED99F4006ABEA8 /* NFTGrid.swift in Sources */ = {isa = PBXBuildFile; fileRef = E2579D1829ED99F4006ABEA8 /* NFTGrid.swift */; };
		E2579D1B29EDEB09006ABEA8 /* MainView.swift in Sources */ = {isa = PBXBuildFile; fileRef = E2579D1A29EDEB09006ABEA8 /* MainView.swift */; };
		E2579D1D29EDEBA0006ABEA8 /* NavigationBar.swift in Sources */ = {isa = PBXBuildFile; fileRef = E2579D1C29EDEBA0006ABEA8 /* NavigationBar.swift */; };
		E2579D1F29EDEBC2006ABEA8 /* NavBarMenu.swift in Sources */ = {isa = PBXBuildFile; fileRef = E2579D1E29EDEBC2006ABEA8 /* NavBarMenu.swift */; };
		E2579D2129EDEDB1006ABEA8 /* Color+Extensions.swift in Sources */ = {isa = PBXBuildFile; fileRef = E2579D2029EDEDB1006ABEA8 /* Color+Extensions.swift */; };
		E2579D2329EDEEF5006ABEA8 /* HomeView.swift in Sources */ = {isa = PBXBuildFile; fileRef = E2579D2229EDEEF5006ABEA8 /* HomeView.swift */; };
		E2579D2829EEAA18006ABEA8 /* NFTDetailsView.swift in Sources */ = {isa = PBXBuildFile; fileRef = E2579D2729EEAA18006ABEA8 /* NFTDetailsView.swift */; };
		E2579D2B29EEACA0006ABEA8 /* House.usdz in Resources */ = {isa = PBXBuildFile; fileRef = E2579D2A29EEACA0006ABEA8 /* House.usdz */; };
		E2579D2D29EEACB2006ABEA8 /* Kitchen.usdz in Resources */ = {isa = PBXBuildFile; fileRef = E2579D2C29EEACB2006ABEA8 /* Kitchen.usdz */; };
		E263122B2AB069DA000FCEB4 /* TokenCard.swift in Sources */ = {isa = PBXBuildFile; fileRef = E263122A2AB069DA000FCEB4 /* TokenCard.swift */; };
		E263122D2AB06D10000FCEB4 /* TokenCategoryPicker.swift in Sources */ = {isa = PBXBuildFile; fileRef = E263122C2AB06D10000FCEB4 /* TokenCategoryPicker.swift */; };
		E27445AA2A9022910092C6AD /* construction_progress.json in Resources */ = {isa = PBXBuildFile; fileRef = E27445A92A9022910092C6AD /* construction_progress.json */; };
		E282BA012A0949B0005C9F01 /* DeveloperProfileView.swift in Sources */ = {isa = PBXBuildFile; fileRef = E282BA002A0949B0005C9F01 /* DeveloperProfileView.swift */; };
		E282BA042A095E33005C9F01 /* DismissButton.swift in Sources */ = {isa = PBXBuildFile; fileRef = E282BA032A095E33005C9F01 /* DismissButton.swift */; };
		E28BDA0C2A9E52D30083EF0B /* Web3AuthLoginView.swift in Sources */ = {isa = PBXBuildFile; fileRef = E28BDA0B2A9E52D30083EF0B /* Web3AuthLoginView.swift */; };
		E28BDA0F2A9E5BFC0083EF0B /* Web3Auth in Frameworks */ = {isa = PBXBuildFile; productRef = E28BDA0E2A9E5BFC0083EF0B /* Web3Auth */; };
		E28BDA122A9E6B5F0083EF0B /* ActionButtonModifier.swift in Sources */ = {isa = PBXBuildFile; fileRef = E28BDA112A9E6B5F0083EF0B /* ActionButtonModifier.swift */; };
		E295A20A2A8761FA00DCDC64 /* AccountFactory.swift in Sources */ = {isa = PBXBuildFile; fileRef = E295A2092A8761FA00DCDC64 /* AccountFactory.swift */; };
		E295A20C2A8A94AA00DCDC64 /* HotAccount+Extensions.swift in Sources */ = {isa = PBXBuildFile; fileRef = E295A20B2A8A94AA00DCDC64 /* HotAccount+Extensions.swift */; };
		E295A20E2A8A956700DCDC64 /* AccountManager.swift in Sources */ = {isa = PBXBuildFile; fileRef = E295A20D2A8A956700DCDC64 /* AccountManager.swift */; };
		E295A2102A8B5B6600DCDC64 /* AccountInfoView.swift in Sources */ = {isa = PBXBuildFile; fileRef = E295A20F2A8B5B6600DCDC64 /* AccountInfoView.swift */; };
		E295D6872A8E8065006C26EC /* CrossMintAPIs.swift in Sources */ = {isa = PBXBuildFile; fileRef = E295D6862A8E8065006C26EC /* CrossMintAPIs.swift */; };
		E295D68A2A8E85DD006C26EC /* NFTModel.swift in Sources */ = {isa = PBXBuildFile; fileRef = E295D6892A8E85DD006C26EC /* NFTModel.swift */; };
		E295D68D2A8EC083006C26EC /* NFTService.swift in Sources */ = {isa = PBXBuildFile; fileRef = E295D68C2A8EC083006C26EC /* NFTService.swift */; };
		E295D6902A8ED0B2006C26EC /* DeveloperWelcomeView.swift in Sources */ = {isa = PBXBuildFile; fileRef = E295D68F2A8ED0B2006C26EC /* DeveloperWelcomeView.swift */; };
		E295D6922A8ED0C5006C26EC /* CreateNFTView.swift in Sources */ = {isa = PBXBuildFile; fileRef = E295D6912A8ED0C5006C26EC /* CreateNFTView.swift */; };
		E295D6942A8F55FE006C26EC /* DeveloperView.swift in Sources */ = {isa = PBXBuildFile; fileRef = E295D6932A8F55FD006C26EC /* DeveloperView.swift */; };
		E29C72372AA4E04500C05222 /* AccountService.swift in Sources */ = {isa = PBXBuildFile; fileRef = E29C72362AA4E04500C05222 /* AccountService.swift */; };
		E29C72392AA4F39D00C05222 /* RegisterAccountView.swift in Sources */ = {isa = PBXBuildFile; fileRef = E29C72382AA4F39D00C05222 /* RegisterAccountView.swift */; };
		E29C723C2AAF9F4500C05222 /* HomeViewV2.swift in Sources */ = {isa = PBXBuildFile; fileRef = E29C723B2AAF9F4400C05222 /* HomeViewV2.swift */; };
		E2A3E3952A0B8B56009C710C /* TransactionList.swift in Sources */ = {isa = PBXBuildFile; fileRef = E2A3E3942A0B8B56009C710C /* TransactionList.swift */; };
		E2A3E3972A0B8D50009C710C /* TransactionItem.swift in Sources */ = {isa = PBXBuildFile; fileRef = E2A3E3962A0B8D50009C710C /* TransactionItem.swift */; };
		E2A3E3992A0BE9FF009C710C /* ProjectDetailsView.swift in Sources */ = {isa = PBXBuildFile; fileRef = E2A3E3982A0BE9FF009C710C /* ProjectDetailsView.swift */; };
		E2A509B52AA164B500C10E56 /* URLSession+Extensions.swift in Sources */ = {isa = PBXBuildFile; fileRef = E2A509B42AA164B500C10E56 /* URLSession+Extensions.swift */; };
		E2A509B72AA1658A00C10E56 /* ClusttrAPIs.swift in Sources */ = {isa = PBXBuildFile; fileRef = E2A509B62AA1658A00C10E56 /* ClusttrAPIs.swift */; };
		E2A509BB2AA2400000C10E56 /* SetupPinAndAccountView.swift in Sources */ = {isa = PBXBuildFile; fileRef = E2A509BA2AA2400000C10E56 /* SetupPinAndAccountView.swift */; };
		E2A509BF2AA24BF200C10E56 /* loading.json in Resources */ = {isa = PBXBuildFile; fileRef = E2A509BE2AA24BF200C10E56 /* loading.json */; };
		E2A509C12AA257F700C10E56 /* LoadingModifier.swift in Sources */ = {isa = PBXBuildFile; fileRef = E2A509C02AA257F700C10E56 /* LoadingModifier.swift */; };
		E2A509C52AA29CA500C10E56 /* AuthResultDTO.swift in Sources */ = {isa = PBXBuildFile; fileRef = E2A509C42AA29CA500C10E56 /* AuthResultDTO.swift */; };
		E2A509C72AA29D3700C10E56 /* TestDTO.swift in Sources */ = {isa = PBXBuildFile; fileRef = E2A509C62AA29D3700C10E56 /* TestDTO.swift */; };
		E2A509C92AA29D6C00C10E56 /* LoginDTO.swift in Sources */ = {isa = PBXBuildFile; fileRef = E2A509C82AA29D6C00C10E56 /* LoginDTO.swift */; };
		E2A5DDFA2A519E1700E8E930 /* ProfileScreen.swift in Sources */ = {isa = PBXBuildFile; fileRef = E2A5DDF92A519E1600E8E930 /* ProfileScreen.swift */; };
		E2A5DDFC2A51AC1200E8E930 /* ProfileMenuView.swift in Sources */ = {isa = PBXBuildFile; fileRef = E2A5DDFB2A51AC1200E8E930 /* ProfileMenuView.swift */; };
		E2A7D2612A8F927C00F885C3 /* DeveloperPath.swift in Sources */ = {isa = PBXBuildFile; fileRef = E2A7D2602A8F927C00F885C3 /* DeveloperPath.swift */; };
		E2A7D2632A8FE7AA00F885C3 /* NFTImagePicker.swift in Sources */ = {isa = PBXBuildFile; fileRef = E2A7D2622A8FE7AA00F885C3 /* NFTImagePicker.swift */; };
		E2A7D2662A9010E600F885C3 /* Lottie in Frameworks */ = {isa = PBXBuildFile; productRef = E2A7D2652A9010E600F885C3 /* Lottie */; };
		E2A7D2682A901D8500F885C3 /* LottieView.swift in Sources */ = {isa = PBXBuildFile; fileRef = E2A7D2672A901D8500F885C3 /* LottieView.swift */; };
		E2A884782A65CE5700B68A93 /* Solana in Frameworks */ = {isa = PBXBuildFile; productRef = E2A884772A65CE5700B68A93 /* Solana */; };
		E2A8847B2A65D5AF00B68A93 /* WalletView.swift in Sources */ = {isa = PBXBuildFile; fileRef = E2A8847A2A65D5AF00B68A93 /* WalletView.swift */; };
		E2B3CC472A9F5B1A00CDAD94 /* User.swift in Sources */ = {isa = PBXBuildFile; fileRef = E2B3CC462A9F5B1A00CDAD94 /* User.swift */; };
		E2B3CC492A9F7F1D00CDAD94 /* LocalStorage.swift in Sources */ = {isa = PBXBuildFile; fileRef = E2B3CC482A9F7F1D00CDAD94 /* LocalStorage.swift */; };
		E2BC01FB2A902CBF00337693 /* AlertToast in Frameworks */ = {isa = PBXBuildFile; productRef = E2BC01FA2A902CBF00337693 /* AlertToast */; };
		E2BC01FE2A90B09100337693 /* CreateNFTParams.swift in Sources */ = {isa = PBXBuildFile; fileRef = E2BC01FD2A90B09100337693 /* CreateNFTParams.swift */; };
		E2BC02002A90B21000337693 /* NFTStatus.swift in Sources */ = {isa = PBXBuildFile; fileRef = E2BC01FF2A90B21000337693 /* NFTStatus.swift */; };
		E2BC02032A90CC5B00337693 /* CreateNFTViewModel.swift in Sources */ = {isa = PBXBuildFile; fileRef = E2BC02022A90CC5B00337693 /* CreateNFTViewModel.swift */; };
		E2BCAC352A77E06900A14654 /* Developer.swift in Sources */ = {isa = PBXBuildFile; fileRef = E2BCAC342A77E06900A14654 /* Developer.swift */; };
		E2BCAC372A77E08900A14654 /* Project.swift in Sources */ = {isa = PBXBuildFile; fileRef = E2BCAC362A77E08900A14654 /* Project.swift */; };
		E2BCAC392A7821E700A14654 /* MenuItemView.swift in Sources */ = {isa = PBXBuildFile; fileRef = E2BCAC382A7821E700A14654 /* MenuItemView.swift */; };
		E2BCAC3C2A78249400A14654 /* Menu.swift in Sources */ = {isa = PBXBuildFile; fileRef = E2BCAC3B2A78249400A14654 /* Menu.swift */; };
		E2BCAC3E2A7824BD00A14654 /* ProfileMenu.swift in Sources */ = {isa = PBXBuildFile; fileRef = E2BCAC3D2A7824BD00A14654 /* ProfileMenu.swift */; };
		E2BCAC402A7AC50200A14654 /* CreateWalletView.swift in Sources */ = {isa = PBXBuildFile; fileRef = E2BCAC3F2A7AC50200A14654 /* CreateWalletView.swift */; };
		E2BCAC422A7AC83E00A14654 /* AddressView.swift in Sources */ = {isa = PBXBuildFile; fileRef = E2BCAC412A7AC83E00A14654 /* AddressView.swift */; };
		E2BCAC442A7AE35C00A14654 /* AuthPath.swift in Sources */ = {isa = PBXBuildFile; fileRef = E2BCAC432A7AE35B00A14654 /* AuthPath.swift */; };
		E2BCAC4A2A7B17E900A14654 /* OTPFormFieldView.swift in Sources */ = {isa = PBXBuildFile; fileRef = E2BCAC492A7B17E900A14654 /* OTPFormFieldView.swift */; };
		E2BCAC4C2A7B1C5000A14654 /* SetupPinView.swift in Sources */ = {isa = PBXBuildFile; fileRef = E2BCAC4B2A7B1C5000A14654 /* SetupPinView.swift */; };
		E2BCAC4F2A7B1DC000A14654 /* OTPModifier.swift in Sources */ = {isa = PBXBuildFile; fileRef = E2BCAC4E2A7B1DC000A14654 /* OTPModifier.swift */; };
		E2C327872BA5E83A0010E14B /* ConfirmTransactionView.swift in Sources */ = {isa = PBXBuildFile; fileRef = E2C327862BA5E83A0010E14B /* ConfirmTransactionView.swift */; };
		E2C327892BA5EB450010E14B /* OutlineButton.swift in Sources */ = {isa = PBXBuildFile; fileRef = E2C327882BA5EB450010E14B /* OutlineButton.swift */; };
		E2DED9F72A65EA35002399A8 /* BenefactorRowView.swift in Sources */ = {isa = PBXBuildFile; fileRef = E2DED9F62A65EA35002399A8 /* BenefactorRowView.swift */; };
		E2E9385B2ADA948D0045E20E /* UserDTO.swift in Sources */ = {isa = PBXBuildFile; fileRef = E2E9385A2ADA948C0045E20E /* UserDTO.swift */; };
		E2E9385D2ADA95740045E20E /* UserService.swift in Sources */ = {isa = PBXBuildFile; fileRef = E2E9385C2ADA95740045E20E /* UserService.swift */; };
		E2E9385F2ADAA1650045E20E /* HomeViewModelV2.swift in Sources */ = {isa = PBXBuildFile; fileRef = E2E9385E2ADAA1650045E20E /* HomeViewModelV2.swift */; };
		E2E938612ADAA3640045E20E /* TokenService.swift in Sources */ = {isa = PBXBuildFile; fileRef = E2E938602ADAA3640045E20E /* TokenService.swift */; };
		E2E938632ADADB570045E20E /* AssetDTO.swift in Sources */ = {isa = PBXBuildFile; fileRef = E2E938622ADADB570045E20E /* AssetDTO.swift */; };
/* End PBXBuildFile section */

/* Begin PBXFileReference section */
		E20DC3F62AA0D082001BBD61 /* IAccountFactory.swift */ = {isa = PBXFileReference; lastKnownFileType = sourcecode.swift; path = IAccountFactory.swift; sourceTree = "<group>"; };
		E20DC3F82AA0D0D2001BBD61 /* AccountError.swift */ = {isa = PBXFileReference; lastKnownFileType = sourcecode.swift; path = AccountError.swift; sourceTree = "<group>"; };
		E20DC3FB2AA0D12B001BBD61 /* Data+Extensions.swift */ = {isa = PBXFileReference; lastKnownFileType = sourcecode.swift; path = "Data+Extensions.swift"; sourceTree = "<group>"; };
		E20DC3FF2AA0DF73001BBD61 /* AuthService.swift */ = {isa = PBXFileReference; lastKnownFileType = sourcecode.swift; path = AuthService.swift; sourceTree = "<group>"; };
		E217D0B029EEB4B900DE5C5F /* AssetModel.swift */ = {isa = PBXFileReference; lastKnownFileType = sourcecode.swift; path = AssetModel.swift; sourceTree = "<group>"; };
		E217D0B229EEB77800DE5C5F /* AssetModelType.swift */ = {isa = PBXFileReference; lastKnownFileType = sourcecode.swift; path = AssetModelType.swift; sourceTree = "<group>"; };
		E217D0B429F054C100DE5C5F /* AppState.swift */ = {isa = PBXFileReference; lastKnownFileType = sourcecode.swift; path = AppState.swift; sourceTree = "<group>"; };
		E217D0B629F0550B00DE5C5F /* LoginStatus.swift */ = {isa = PBXFileReference; lastKnownFileType = sourcecode.swift; path = LoginStatus.swift; sourceTree = "<group>"; };
		E217D0B829F06B5200DE5C5F /* ProfileViewModel.swift */ = {isa = PBXFileReference; lastKnownFileType = sourcecode.swift; path = ProfileViewModel.swift; sourceTree = "<group>"; };
		E217D0BA29F17FC700DE5C5F /* ModelSceneView.swift */ = {isa = PBXFileReference; lastKnownFileType = sourcecode.swift; path = ModelSceneView.swift; sourceTree = "<group>"; };
		E217D0BC29F192C800DE5C5F /* TinyNFTCards.swift */ = {isa = PBXFileReference; lastKnownFileType = sourcecode.swift; path = TinyNFTCards.swift; sourceTree = "<group>"; };
		E217D0BE29F1A34000DE5C5F /* NFTDetailsViewModel.swift */ = {isa = PBXFileReference; lastKnownFileType = sourcecode.swift; path = NFTDetailsViewModel.swift; sourceTree = "<group>"; };
		E217D0C029F40FB000DE5C5F /* DeveloperCard.swift */ = {isa = PBXFileReference; lastKnownFileType = sourcecode.swift; path = DeveloperCard.swift; sourceTree = "<group>"; };
		E217D0C229F4464E00DE5C5F /* ProjectCard.swift */ = {isa = PBXFileReference; lastKnownFileType = sourcecode.swift; path = ProjectCard.swift; sourceTree = "<group>"; };
		E217D0C429F53A3B00DE5C5F /* ProjectCarousel.swift */ = {isa = PBXFileReference; lastKnownFileType = sourcecode.swift; path = ProjectCarousel.swift; sourceTree = "<group>"; };
		E217D0C829F5E58C00DE5C5F /* PopularDeveloperRow.swift */ = {isa = PBXFileReference; lastKnownFileType = sourcecode.swift; path = PopularDeveloperRow.swift; sourceTree = "<group>"; };
		E217D0CA29F694D500DE5C5F /* PropertyFeatureFullList.swift */ = {isa = PBXFileReference; lastKnownFileType = sourcecode.swift; path = PropertyFeatureFullList.swift; sourceTree = "<group>"; };
		E217D0CC29F70FB000DE5C5F /* cTransaction.swift */ = {isa = PBXFileReference; lastKnownFileType = sourcecode.swift; path = cTransaction.swift; sourceTree = "<group>"; };
		E217D0CE29F7BA0A00DE5C5F /* Valuation.swift */ = {isa = PBXFileReference; lastKnownFileType = sourcecode.swift; path = Valuation.swift; sourceTree = "<group>"; };
		E217D0D029F7C03400DE5C5F /* Date+Extensions.swift */ = {isa = PBXFileReference; lastKnownFileType = sourcecode.swift; path = "Date+Extensions.swift"; sourceTree = "<group>"; };
		E217D0D229F80C1400DE5C5F /* PriceHistoryComponent.swift */ = {isa = PBXFileReference; lastKnownFileType = sourcecode.swift; path = PriceHistoryComponent.swift; sourceTree = "<group>"; };
		E217D0D429F9C07800DE5C5F /* PurchaseNFTView.swift */ = {isa = PBXFileReference; lastKnownFileType = sourcecode.swift; path = PurchaseNFTView.swift; sourceTree = "<group>"; };
		E22483242A801FD000AF893C /* KeyChain.swift */ = {isa = PBXFileReference; lastKnownFileType = sourcecode.swift; path = KeyChain.swift; sourceTree = "<group>"; };
		E22483292A804C8900AF893C /* String+Extensions.swift */ = {isa = PBXFileReference; lastKnownFileType = sourcecode.swift; path = "String+Extensions.swift"; sourceTree = "<group>"; };
		E2290DB22B42E05200D5A403 /* RoundButton.swift */ = {isa = PBXFileReference; lastKnownFileType = sourcecode.swift; path = RoundButton.swift; sourceTree = "<group>"; };
		E22C58D629E8167F0065EEE2 /* Lego.app */ = {isa = PBXFileReference; explicitFileType = wrapper.application; includeInIndex = 0; path = Lego.app; sourceTree = BUILT_PRODUCTS_DIR; };
		E22C58D929E8167F0065EEE2 /* LegoApp.swift */ = {isa = PBXFileReference; lastKnownFileType = sourcecode.swift; path = LegoApp.swift; sourceTree = "<group>"; };
		E22C58DB29E8167F0065EEE2 /* ContentView.swift */ = {isa = PBXFileReference; lastKnownFileType = sourcecode.swift; path = ContentView.swift; sourceTree = "<group>"; };
		E22C58DD29E816810065EEE2 /* Assets.xcassets */ = {isa = PBXFileReference; lastKnownFileType = folder.assetcatalog; path = Assets.xcassets; sourceTree = "<group>"; };
		E22C58E029E816810065EEE2 /* Preview Assets.xcassets */ = {isa = PBXFileReference; lastKnownFileType = folder.assetcatalog; path = "Preview Assets.xcassets"; sourceTree = "<group>"; };
		E22C58E829E8185E0065EEE2 /* Image+Extensions.swift */ = {isa = PBXFileReference; lastKnownFileType = sourcecode.swift; path = "Image+Extensions.swift"; sourceTree = "<group>"; };
		E22C58EB29E81A880065EEE2 /* ProfileView.swift */ = {isa = PBXFileReference; lastKnownFileType = sourcecode.swift; path = ProfileView.swift; sourceTree = "<group>"; };
		E236D9E02B2CAA630073BD38 /* SetupPinAndAccountViewModel.swift */ = {isa = PBXFileReference; lastKnownFileType = sourcecode.swift; path = SetupPinAndAccountViewModel.swift; sourceTree = "<group>"; };
		E24363E02A753B7D0053FD28 /* SignUpView.swift */ = {isa = PBXFileReference; lastKnownFileType = sourcecode.swift; path = SignUpView.swift; sourceTree = "<group>"; };
		E24363E22A753BA50053FD28 /* SignInView.swift */ = {isa = PBXFileReference; lastKnownFileType = sourcecode.swift; path = SignInView.swift; sourceTree = "<group>"; };
		E24363E42A7554D00053FD28 /* RegisterWalletWithMnemonicView.swift */ = {isa = PBXFileReference; lastKnownFileType = sourcecode.swift; path = RegisterWalletWithMnemonicView.swift; sourceTree = "<group>"; };
		E24363E62A7557E10053FD28 /* AuthHeaderView.swift */ = {isa = PBXFileReference; lastKnownFileType = sourcecode.swift; path = AuthHeaderView.swift; sourceTree = "<group>"; };
		E24363E92A7567D10053FD28 /* ActionButton.swift */ = {isa = PBXFileReference; lastKnownFileType = sourcecode.swift; path = ActionButton.swift; sourceTree = "<group>"; };
		E24363EB2A75BDCD0053FD28 /* BaseView.swift */ = {isa = PBXFileReference; lastKnownFileType = sourcecode.swift; path = BaseView.swift; sourceTree = "<group>"; };
		E24363ED2A75BE350053FD28 /* OnboardingView.swift */ = {isa = PBXFileReference; lastKnownFileType = sourcecode.swift; path = OnboardingView.swift; sourceTree = "<group>"; };
		E24363F42A76374A0053FD28 /* Pacifico-Regular.ttf */ = {isa = PBXFileReference; lastKnownFileType = file; path = "Pacifico-Regular.ttf"; sourceTree = "<group>"; };
		E24AE4CD2A7ECE6900FE2903 /* OTPField.swift */ = {isa = PBXFileReference; lastKnownFileType = sourcecode.swift; path = OTPField.swift; sourceTree = "<group>"; };
		E24AE4CF2A7ED33800FE2903 /* OTPView.swift */ = {isa = PBXFileReference; lastKnownFileType = sourcecode.swift; path = OTPView.swift; sourceTree = "<group>"; };
		E24FAA082BA17483003CF17B /* addAsset.swift */ = {isa = PBXFileReference; lastKnownFileType = sourcecode.swift; path = addAsset.swift; sourceTree = "<group>"; };
		E24FAA092BA17483003CF17B /* buyAsset.swift */ = {isa = PBXFileReference; lastKnownFileType = sourcecode.swift; path = buyAsset.swift; sourceTree = "<group>"; };
		E24FAA0A2BA17483003CF17B /* updateAssetInfo.swift */ = {isa = PBXFileReference; lastKnownFileType = sourcecode.swift; path = updateAssetInfo.swift; sourceTree = "<group>"; };
		E24FAA0B2BA17483003CF17B /* closeInventory.swift */ = {isa = PBXFileReference; lastKnownFileType = sourcecode.swift; path = closeInventory.swift; sourceTree = "<group>"; };
		E24FAA0C2BA17483003CF17B /* initialize.swift */ = {isa = PBXFileReference; lastKnownFileType = sourcecode.swift; path = initialize.swift; sourceTree = "<group>"; };
		E24FAA0D2BA17483003CF17B /* withdrawAsset.swift */ = {isa = PBXFileReference; lastKnownFileType = sourcecode.swift; path = withdrawAsset.swift; sourceTree = "<group>"; };
		E24FAA0E2BA17483003CF17B /* createInventory.swift */ = {isa = PBXFileReference; lastKnownFileType = sourcecode.swift; path = createInventory.swift; sourceTree = "<group>"; };
		E24FAA102BA17483003CF17B /* AssetInfo.swift */ = {isa = PBXFileReference; lastKnownFileType = sourcecode.swift; path = AssetInfo.swift; sourceTree = "<group>"; };
		E24FAA112BA17483003CF17B /* Inventory.swift */ = {isa = PBXFileReference; lastKnownFileType = sourcecode.swift; path = Inventory.swift; sourceTree = "<group>"; };
		E24FAA122BA17483003CF17B /* Program.swift */ = {isa = PBXFileReference; lastKnownFileType = sourcecode.swift; path = Program.swift; sourceTree = "<group>"; };
		E24FAA142BA17483003CF17B /* Error.swift */ = {isa = PBXFileReference; lastKnownFileType = sourcecode.swift; path = Error.swift; sourceTree = "<group>"; };
		E24FAA172BA17494003CF17B /* addAsset.swift */ = {isa = PBXFileReference; lastKnownFileType = sourcecode.swift; path = addAsset.swift; sourceTree = "<group>"; };
		E24FAA182BA17494003CF17B /* buyAsset.swift */ = {isa = PBXFileReference; lastKnownFileType = sourcecode.swift; path = buyAsset.swift; sourceTree = "<group>"; };
		E24FAA192BA17494003CF17B /* updateAssetInfo.swift */ = {isa = PBXFileReference; lastKnownFileType = sourcecode.swift; path = updateAssetInfo.swift; sourceTree = "<group>"; };
		E24FAA1A2BA17494003CF17B /* closeInventory.swift */ = {isa = PBXFileReference; lastKnownFileType = sourcecode.swift; path = closeInventory.swift; sourceTree = "<group>"; };
		E24FAA1B2BA17494003CF17B /* initialize.swift */ = {isa = PBXFileReference; lastKnownFileType = sourcecode.swift; path = initialize.swift; sourceTree = "<group>"; };
		E24FAA1C2BA17494003CF17B /* withdrawAsset.swift */ = {isa = PBXFileReference; lastKnownFileType = sourcecode.swift; path = withdrawAsset.swift; sourceTree = "<group>"; };
		E24FAA1D2BA17494003CF17B /* createInventory.swift */ = {isa = PBXFileReference; lastKnownFileType = sourcecode.swift; path = createInventory.swift; sourceTree = "<group>"; };
		E24FAA1F2BA17494003CF17B /* AssetInfo.swift */ = {isa = PBXFileReference; lastKnownFileType = sourcecode.swift; path = AssetInfo.swift; sourceTree = "<group>"; };
		E24FAA202BA17494003CF17B /* Inventory.swift */ = {isa = PBXFileReference; lastKnownFileType = sourcecode.swift; path = Inventory.swift; sourceTree = "<group>"; };
		E24FAA212BA17494003CF17B /* Program.swift */ = {isa = PBXFileReference; lastKnownFileType = sourcecode.swift; path = Program.swift; sourceTree = "<group>"; };
		E24FAA232BA17494003CF17B /* Error.swift */ = {isa = PBXFileReference; lastKnownFileType = sourcecode.swift; path = Error.swift; sourceTree = "<group>"; };
		E24FAA242BA1750B003CF17B /* Inventory */ = {isa = PBXFileReference; lastKnownFileType = wrapper; path = Inventory; sourceTree = "<group>"; };
		E24FAA252BA1752F003CF17B /* Package.swift */ = {isa = PBXFileReference; lastKnownFileType = sourcecode.swift; name = Package.swift; path = Inventory/Package.swift; sourceTree = "<group>"; };
		E24FAA322BA2E011003CF17B /* NFT+Transactions.swift */ = {isa = PBXFileReference; lastKnownFileType = sourcecode.swift; path = "NFT+Transactions.swift"; sourceTree = "<group>"; };
		E24FAA342BA32BFD003CF17B /* TransactionUtility.swift */ = {isa = PBXFileReference; lastKnownFileType = sourcecode.swift; path = TransactionUtility.swift; sourceTree = "<group>"; };
		E24FAA362BA349FF003CF17B /* AccountUtility.swift */ = {isa = PBXFileReference; lastKnownFileType = sourcecode.swift; path = AccountUtility.swift; sourceTree = "<group>"; };
		E24FAA3A2BA350E5003CF17B /* SuccessModifier.swift */ = {isa = PBXFileReference; lastKnownFileType = sourcecode.swift; path = SuccessModifier.swift; sourceTree = "<group>"; };
		E24FAA3C2BA373CC003CF17B /* ErrorModifier.swift */ = {isa = PBXFileReference; lastKnownFileType = sourcecode.swift; path = ErrorModifier.swift; sourceTree = "<group>"; };
		E24FAA3E2BA450D5003CF17B /* AddressPickerView.swift */ = {isa = PBXFileReference; lastKnownFileType = sourcecode.swift; path = AddressPickerView.swift; sourceTree = "<group>"; };
		E24FAA412BA4861C003CF17B /* EnterAmountView.swift */ = {isa = PBXFileReference; lastKnownFileType = sourcecode.swift; path = EnterAmountView.swift; sourceTree = "<group>"; };
		E2579CEF29EB46CA006ABEA8 /* AdjustableBannerShape.swift */ = {isa = PBXFileReference; lastKnownFileType = sourcecode.swift; path = AdjustableBannerShape.swift; sourceTree = "<group>"; };
		E2579CF429EBEC93006ABEA8 /* OffsetObservingScrollView.swift */ = {isa = PBXFileReference; lastKnownFileType = sourcecode.swift; path = OffsetObservingScrollView.swift; sourceTree = "<group>"; };
		E2579CF729ED195B006ABEA8 /* AdjustableBannerShapeViewModel.swift */ = {isa = PBXFileReference; lastKnownFileType = sourcecode.swift; path = AdjustableBannerShapeViewModel.swift; sourceTree = "<group>"; };
		E2579CF929ED199F006ABEA8 /* BannerShape.swift */ = {isa = PBXFileReference; lastKnownFileType = sourcecode.swift; path = BannerShape.swift; sourceTree = "<group>"; };
		E2579CFB29ED4EA2006ABEA8 /* ScreenSize+Extension.swift */ = {isa = PBXFileReference; lastKnownFileType = sourcecode.swift; path = "ScreenSize+Extension.swift"; sourceTree = "<group>"; };
		E2579CFD29ED4F22006ABEA8 /* View+TextFiled.swift */ = {isa = PBXFileReference; lastKnownFileType = sourcecode.swift; path = "View+TextFiled.swift"; sourceTree = "<group>"; };
		E2579CFF29ED8542006ABEA8 /* NFTCard.swift */ = {isa = PBXFileReference; lastKnownFileType = sourcecode.swift; path = NFTCard.swift; sourceTree = "<group>"; };
		E2579D0429ED8636006ABEA8 /* NFT.swift */ = {isa = PBXFileReference; lastKnownFileType = sourcecode.swift; path = NFT.swift; sourceTree = "<group>"; };
		E2579D0929ED87FF006ABEA8 /* Double+Extensions.swift */ = {isa = PBXFileReference; lastKnownFileType = sourcecode.swift; path = "Double+Extensions.swift"; sourceTree = "<group>"; };
		E2579D0C29ED8AFF006ABEA8 /* Roboto-Regular.ttf */ = {isa = PBXFileReference; lastKnownFileType = file; path = "Roboto-Regular.ttf"; sourceTree = "<group>"; };
		E2579D0E29ED8B09006ABEA8 /* Roboto-Medium.ttf */ = {isa = PBXFileReference; lastKnownFileType = file; path = "Roboto-Medium.ttf"; sourceTree = "<group>"; };
		E2579D1029ED8B13006ABEA8 /* Roboto-Bold.ttf */ = {isa = PBXFileReference; lastKnownFileType = file; path = "Roboto-Bold.ttf"; sourceTree = "<group>"; };
		E2579D1229ED8B62006ABEA8 /* Info.plist */ = {isa = PBXFileReference; lastKnownFileType = text.plist; path = Info.plist; sourceTree = "<group>"; };
		E2579D1329ED8C9F006ABEA8 /* Font+Extensions.swift */ = {isa = PBXFileReference; lastKnownFileType = sourcecode.swift; path = "Font+Extensions.swift"; sourceTree = "<group>"; };
		E2579D1529ED9452006ABEA8 /* Colors+Extensions.swift */ = {isa = PBXFileReference; lastKnownFileType = sourcecode.swift; path = "Colors+Extensions.swift"; sourceTree = "<group>"; };
		E2579D1829ED99F4006ABEA8 /* NFTGrid.swift */ = {isa = PBXFileReference; lastKnownFileType = sourcecode.swift; path = NFTGrid.swift; sourceTree = "<group>"; };
		E2579D1A29EDEB09006ABEA8 /* MainView.swift */ = {isa = PBXFileReference; lastKnownFileType = sourcecode.swift; path = MainView.swift; sourceTree = "<group>"; };
		E2579D1C29EDEBA0006ABEA8 /* NavigationBar.swift */ = {isa = PBXFileReference; lastKnownFileType = sourcecode.swift; path = NavigationBar.swift; sourceTree = "<group>"; };
		E2579D1E29EDEBC2006ABEA8 /* NavBarMenu.swift */ = {isa = PBXFileReference; lastKnownFileType = sourcecode.swift; path = NavBarMenu.swift; sourceTree = "<group>"; };
		E2579D2029EDEDB1006ABEA8 /* Color+Extensions.swift */ = {isa = PBXFileReference; lastKnownFileType = sourcecode.swift; path = "Color+Extensions.swift"; sourceTree = "<group>"; };
		E2579D2229EDEEF5006ABEA8 /* HomeView.swift */ = {isa = PBXFileReference; lastKnownFileType = sourcecode.swift; path = HomeView.swift; sourceTree = "<group>"; };
		E2579D2729EEAA18006ABEA8 /* NFTDetailsView.swift */ = {isa = PBXFileReference; lastKnownFileType = sourcecode.swift; path = NFTDetailsView.swift; sourceTree = "<group>"; };
		E2579D2A29EEACA0006ABEA8 /* House.usdz */ = {isa = PBXFileReference; lastKnownFileType = file.usdz; path = House.usdz; sourceTree = "<group>"; };
		E2579D2C29EEACB2006ABEA8 /* Kitchen.usdz */ = {isa = PBXFileReference; lastKnownFileType = file.usdz; path = Kitchen.usdz; sourceTree = "<group>"; };
		E263122A2AB069DA000FCEB4 /* TokenCard.swift */ = {isa = PBXFileReference; lastKnownFileType = sourcecode.swift; path = TokenCard.swift; sourceTree = "<group>"; };
		E263122C2AB06D10000FCEB4 /* TokenCategoryPicker.swift */ = {isa = PBXFileReference; lastKnownFileType = sourcecode.swift; path = TokenCategoryPicker.swift; sourceTree = "<group>"; };
		E27445A92A9022910092C6AD /* construction_progress.json */ = {isa = PBXFileReference; fileEncoding = 4; lastKnownFileType = text.json; path = construction_progress.json; sourceTree = "<group>"; };
		E282BA002A0949B0005C9F01 /* DeveloperProfileView.swift */ = {isa = PBXFileReference; lastKnownFileType = sourcecode.swift; path = DeveloperProfileView.swift; sourceTree = "<group>"; };
		E282BA032A095E33005C9F01 /* DismissButton.swift */ = {isa = PBXFileReference; lastKnownFileType = sourcecode.swift; path = DismissButton.swift; sourceTree = "<group>"; };
		E28BDA0B2A9E52D30083EF0B /* Web3AuthLoginView.swift */ = {isa = PBXFileReference; lastKnownFileType = sourcecode.swift; path = Web3AuthLoginView.swift; sourceTree = "<group>"; };
		E28BDA112A9E6B5F0083EF0B /* ActionButtonModifier.swift */ = {isa = PBXFileReference; lastKnownFileType = sourcecode.swift; path = ActionButtonModifier.swift; sourceTree = "<group>"; };
		E295A2092A8761FA00DCDC64 /* AccountFactory.swift */ = {isa = PBXFileReference; lastKnownFileType = sourcecode.swift; path = AccountFactory.swift; sourceTree = "<group>"; };
		E295A20B2A8A94AA00DCDC64 /* HotAccount+Extensions.swift */ = {isa = PBXFileReference; lastKnownFileType = sourcecode.swift; path = "HotAccount+Extensions.swift"; sourceTree = "<group>"; };
		E295A20D2A8A956700DCDC64 /* AccountManager.swift */ = {isa = PBXFileReference; lastKnownFileType = sourcecode.swift; path = AccountManager.swift; sourceTree = "<group>"; };
		E295A20F2A8B5B6600DCDC64 /* AccountInfoView.swift */ = {isa = PBXFileReference; lastKnownFileType = sourcecode.swift; path = AccountInfoView.swift; sourceTree = "<group>"; };
		E295D6862A8E8065006C26EC /* CrossMintAPIs.swift */ = {isa = PBXFileReference; lastKnownFileType = sourcecode.swift; path = CrossMintAPIs.swift; sourceTree = "<group>"; };
		E295D6892A8E85DD006C26EC /* NFTModel.swift */ = {isa = PBXFileReference; lastKnownFileType = sourcecode.swift; path = NFTModel.swift; sourceTree = "<group>"; };
		E295D68C2A8EC083006C26EC /* NFTService.swift */ = {isa = PBXFileReference; lastKnownFileType = sourcecode.swift; path = NFTService.swift; sourceTree = "<group>"; };
		E295D68F2A8ED0B2006C26EC /* DeveloperWelcomeView.swift */ = {isa = PBXFileReference; lastKnownFileType = sourcecode.swift; path = DeveloperWelcomeView.swift; sourceTree = "<group>"; };
		E295D6912A8ED0C5006C26EC /* CreateNFTView.swift */ = {isa = PBXFileReference; lastKnownFileType = sourcecode.swift; path = CreateNFTView.swift; sourceTree = "<group>"; };
		E295D6932A8F55FD006C26EC /* DeveloperView.swift */ = {isa = PBXFileReference; lastKnownFileType = sourcecode.swift; path = DeveloperView.swift; sourceTree = "<group>"; };
		E29C72362AA4E04500C05222 /* AccountService.swift */ = {isa = PBXFileReference; lastKnownFileType = sourcecode.swift; path = AccountService.swift; sourceTree = "<group>"; };
		E29C72382AA4F39D00C05222 /* RegisterAccountView.swift */ = {isa = PBXFileReference; lastKnownFileType = sourcecode.swift; path = RegisterAccountView.swift; sourceTree = "<group>"; };
		E29C723B2AAF9F4400C05222 /* HomeViewV2.swift */ = {isa = PBXFileReference; lastKnownFileType = sourcecode.swift; path = HomeViewV2.swift; sourceTree = "<group>"; };
		E2A3E3942A0B8B56009C710C /* TransactionList.swift */ = {isa = PBXFileReference; lastKnownFileType = sourcecode.swift; path = TransactionList.swift; sourceTree = "<group>"; };
		E2A3E3962A0B8D50009C710C /* TransactionItem.swift */ = {isa = PBXFileReference; lastKnownFileType = sourcecode.swift; path = TransactionItem.swift; sourceTree = "<group>"; };
		E2A3E3982A0BE9FF009C710C /* ProjectDetailsView.swift */ = {isa = PBXFileReference; lastKnownFileType = sourcecode.swift; path = ProjectDetailsView.swift; sourceTree = "<group>"; };
		E2A509B42AA164B500C10E56 /* URLSession+Extensions.swift */ = {isa = PBXFileReference; lastKnownFileType = sourcecode.swift; path = "URLSession+Extensions.swift"; sourceTree = "<group>"; };
		E2A509B62AA1658A00C10E56 /* ClusttrAPIs.swift */ = {isa = PBXFileReference; lastKnownFileType = sourcecode.swift; path = ClusttrAPIs.swift; sourceTree = "<group>"; };
		E2A509BA2AA2400000C10E56 /* SetupPinAndAccountView.swift */ = {isa = PBXFileReference; lastKnownFileType = sourcecode.swift; path = SetupPinAndAccountView.swift; sourceTree = "<group>"; };
		E2A509BE2AA24BF200C10E56 /* loading.json */ = {isa = PBXFileReference; fileEncoding = 4; lastKnownFileType = text.json; path = loading.json; sourceTree = "<group>"; };
		E2A509C02AA257F700C10E56 /* LoadingModifier.swift */ = {isa = PBXFileReference; lastKnownFileType = sourcecode.swift; path = LoadingModifier.swift; sourceTree = "<group>"; };
		E2A509C42AA29CA500C10E56 /* AuthResultDTO.swift */ = {isa = PBXFileReference; lastKnownFileType = sourcecode.swift; path = AuthResultDTO.swift; sourceTree = "<group>"; };
		E2A509C62AA29D3700C10E56 /* TestDTO.swift */ = {isa = PBXFileReference; lastKnownFileType = sourcecode.swift; path = TestDTO.swift; sourceTree = "<group>"; };
		E2A509C82AA29D6C00C10E56 /* LoginDTO.swift */ = {isa = PBXFileReference; lastKnownFileType = sourcecode.swift; path = LoginDTO.swift; sourceTree = "<group>"; };
		E2A5DDF92A519E1600E8E930 /* ProfileScreen.swift */ = {isa = PBXFileReference; lastKnownFileType = sourcecode.swift; path = ProfileScreen.swift; sourceTree = "<group>"; };
		E2A5DDFB2A51AC1200E8E930 /* ProfileMenuView.swift */ = {isa = PBXFileReference; lastKnownFileType = sourcecode.swift; path = ProfileMenuView.swift; sourceTree = "<group>"; };
		E2A7D2602A8F927C00F885C3 /* DeveloperPath.swift */ = {isa = PBXFileReference; lastKnownFileType = sourcecode.swift; path = DeveloperPath.swift; sourceTree = "<group>"; };
		E2A7D2622A8FE7AA00F885C3 /* NFTImagePicker.swift */ = {isa = PBXFileReference; lastKnownFileType = sourcecode.swift; path = NFTImagePicker.swift; sourceTree = "<group>"; };
		E2A7D2672A901D8500F885C3 /* LottieView.swift */ = {isa = PBXFileReference; lastKnownFileType = sourcecode.swift; path = LottieView.swift; sourceTree = "<group>"; };
		E2A8847A2A65D5AF00B68A93 /* WalletView.swift */ = {isa = PBXFileReference; lastKnownFileType = sourcecode.swift; path = WalletView.swift; sourceTree = "<group>"; };
		E2B3CC462A9F5B1A00CDAD94 /* User.swift */ = {isa = PBXFileReference; lastKnownFileType = sourcecode.swift; path = User.swift; sourceTree = "<group>"; };
		E2B3CC482A9F7F1D00CDAD94 /* LocalStorage.swift */ = {isa = PBXFileReference; lastKnownFileType = sourcecode.swift; path = LocalStorage.swift; sourceTree = "<group>"; };
		E2BC01FD2A90B09100337693 /* CreateNFTParams.swift */ = {isa = PBXFileReference; lastKnownFileType = sourcecode.swift; path = CreateNFTParams.swift; sourceTree = "<group>"; };
		E2BC01FF2A90B21000337693 /* NFTStatus.swift */ = {isa = PBXFileReference; lastKnownFileType = sourcecode.swift; path = NFTStatus.swift; sourceTree = "<group>"; };
		E2BC02022A90CC5B00337693 /* CreateNFTViewModel.swift */ = {isa = PBXFileReference; lastKnownFileType = sourcecode.swift; path = CreateNFTViewModel.swift; sourceTree = "<group>"; };
		E2BCAC342A77E06900A14654 /* Developer.swift */ = {isa = PBXFileReference; lastKnownFileType = sourcecode.swift; path = Developer.swift; sourceTree = "<group>"; };
		E2BCAC362A77E08900A14654 /* Project.swift */ = {isa = PBXFileReference; lastKnownFileType = sourcecode.swift; path = Project.swift; sourceTree = "<group>"; };
		E2BCAC382A7821E700A14654 /* MenuItemView.swift */ = {isa = PBXFileReference; lastKnownFileType = sourcecode.swift; path = MenuItemView.swift; sourceTree = "<group>"; };
		E2BCAC3B2A78249400A14654 /* Menu.swift */ = {isa = PBXFileReference; lastKnownFileType = sourcecode.swift; path = Menu.swift; sourceTree = "<group>"; };
		E2BCAC3D2A7824BD00A14654 /* ProfileMenu.swift */ = {isa = PBXFileReference; lastKnownFileType = sourcecode.swift; path = ProfileMenu.swift; sourceTree = "<group>"; };
		E2BCAC3F2A7AC50200A14654 /* CreateWalletView.swift */ = {isa = PBXFileReference; lastKnownFileType = sourcecode.swift; path = CreateWalletView.swift; sourceTree = "<group>"; };
		E2BCAC412A7AC83E00A14654 /* AddressView.swift */ = {isa = PBXFileReference; lastKnownFileType = sourcecode.swift; path = AddressView.swift; sourceTree = "<group>"; };
		E2BCAC432A7AE35B00A14654 /* AuthPath.swift */ = {isa = PBXFileReference; lastKnownFileType = sourcecode.swift; path = AuthPath.swift; sourceTree = "<group>"; };
		E2BCAC492A7B17E900A14654 /* OTPFormFieldView.swift */ = {isa = PBXFileReference; lastKnownFileType = sourcecode.swift; path = OTPFormFieldView.swift; sourceTree = "<group>"; };
		E2BCAC4B2A7B1C5000A14654 /* SetupPinView.swift */ = {isa = PBXFileReference; lastKnownFileType = sourcecode.swift; path = SetupPinView.swift; sourceTree = "<group>"; };
		E2BCAC4E2A7B1DC000A14654 /* OTPModifier.swift */ = {isa = PBXFileReference; lastKnownFileType = sourcecode.swift; path = OTPModifier.swift; sourceTree = "<group>"; };
		E2C327862BA5E83A0010E14B /* ConfirmTransactionView.swift */ = {isa = PBXFileReference; lastKnownFileType = sourcecode.swift; path = ConfirmTransactionView.swift; sourceTree = "<group>"; };
		E2C327882BA5EB450010E14B /* OutlineButton.swift */ = {isa = PBXFileReference; lastKnownFileType = sourcecode.swift; path = OutlineButton.swift; sourceTree = "<group>"; };
		E2DED9F62A65EA35002399A8 /* BenefactorRowView.swift */ = {isa = PBXFileReference; lastKnownFileType = sourcecode.swift; path = BenefactorRowView.swift; sourceTree = "<group>"; };
		E2E9385A2ADA948C0045E20E /* UserDTO.swift */ = {isa = PBXFileReference; lastKnownFileType = sourcecode.swift; path = UserDTO.swift; sourceTree = "<group>"; };
		E2E9385C2ADA95740045E20E /* UserService.swift */ = {isa = PBXFileReference; lastKnownFileType = sourcecode.swift; path = UserService.swift; sourceTree = "<group>"; };
		E2E9385E2ADAA1650045E20E /* HomeViewModelV2.swift */ = {isa = PBXFileReference; lastKnownFileType = sourcecode.swift; path = HomeViewModelV2.swift; sourceTree = "<group>"; };
		E2E938602ADAA3640045E20E /* TokenService.swift */ = {isa = PBXFileReference; lastKnownFileType = sourcecode.swift; path = TokenService.swift; sourceTree = "<group>"; };
		E2E938622ADADB570045E20E /* AssetDTO.swift */ = {isa = PBXFileReference; lastKnownFileType = sourcecode.swift; path = AssetDTO.swift; sourceTree = "<group>"; };
/* End PBXFileReference section */

/* Begin PBXFrameworksBuildPhase section */
		E22C58D329E8167F0065EEE2 /* Frameworks */ = {
			isa = PBXFrameworksBuildPhase;
			buildActionMask = 2147483647;
			files = (
				E224832D2A8077FF00AF893C /* KeychainSwift in Frameworks */,
				E28BDA0F2A9E5BFC0083EF0B /* Web3Auth in Frameworks */,
				E2A884782A65CE5700B68A93 /* Solana in Frameworks */,
				E2579D0829ED86F7006ABEA8 /* Fakery in Frameworks */,
				E2BC01FB2A902CBF00337693 /* AlertToast in Frameworks */,
				E24FAA272BA17542003CF17B /* InventoryProgram in Frameworks */,
				E2A7D2662A9010E600F885C3 /* Lottie in Frameworks */,
			);
			runOnlyForDeploymentPostprocessing = 0;
		};
/* End PBXFrameworksBuildPhase section */

/* Begin PBXGroup section */
		E20DC3FA2AA0D0F4001BBD61 /* Errors */ = {
			isa = PBXGroup;
			children = (
				E20DC3F82AA0D0D2001BBD61 /* AccountError.swift */,
			);
			path = Errors;
			sourceTree = "<group>";
		};
		E20DC3FD2AA0DF18001BBD61 /* Clusttr */ = {
			isa = PBXGroup;
			children = (
				E2A509C22AA29BF200C10E56 /* DTOs */,
				E20DC3FF2AA0DF73001BBD61 /* AuthService.swift */,
				E29C72362AA4E04500C05222 /* AccountService.swift */,
				E2E9385C2ADA95740045E20E /* UserService.swift */,
				E2E938602ADAA3640045E20E /* TokenService.swift */,
			);
			path = Clusttr;
			sourceTree = "<group>";
		};
		E22483262A80237200AF893C /* Storage */ = {
			isa = PBXGroup;
			children = (
				E22483242A801FD000AF893C /* KeyChain.swift */,
				E2B3CC482A9F7F1D00CDAD94 /* LocalStorage.swift */,
			);
			path = Storage;
			sourceTree = "<group>";
		};
		E22C58CD29E8167F0065EEE2 = {
			isa = PBXGroup;
			children = (
				E22C58D829E8167F0065EEE2 /* Lego */,
				E22C58D729E8167F0065EEE2 /* Products */,
				E24FAA052BA17482003CF17B /* Frameworks */,
			);
			sourceTree = "<group>";
		};
		E22C58D729E8167F0065EEE2 /* Products */ = {
			isa = PBXGroup;
			children = (
				E22C58D629E8167F0065EEE2 /* Lego.app */,
			);
			name = Products;
			sourceTree = "<group>";
		};
		E22C58D829E8167F0065EEE2 /* Lego */ = {
			isa = PBXGroup;
			children = (
				E2A7D2692A90202300F885C3 /* LottieFiles */,
				E295D6852A8E8020006C26EC /* Services */,
				E2579D1229ED8B62006ABEA8 /* Info.plist */,
				E2579D0B29ED8AE3006ABEA8 /* Fonts */,
				E2579D0329ED8611006ABEA8 /* Models */,
				E2579CF629ED191D006ABEA8 /* Shapes */,
				E22C58EA29E8197F0065EEE2 /* Views */,
				E22C58E729E818460065EEE2 /* Utils */,
				E22C58D929E8167F0065EEE2 /* LegoApp.swift */,
				E22C58DB29E8167F0065EEE2 /* ContentView.swift */,
				E22C58DD29E816810065EEE2 /* Assets.xcassets */,
				E22C58DF29E816810065EEE2 /* Preview Content */,
			);
			path = Lego;
			sourceTree = "<group>";
		};
		E22C58DF29E816810065EEE2 /* Preview Content */ = {
			isa = PBXGroup;
			children = (
				E2579D2929EEAC60006ABEA8 /* AssetModels */,
				E22C58E029E816810065EEE2 /* Preview Assets.xcassets */,
			);
			path = "Preview Content";
			sourceTree = "<group>";
		};
		E22C58E729E818460065EEE2 /* Utils */ = {
			isa = PBXGroup;
			children = (
				E20DC3FA2AA0D0F4001BBD61 /* Errors */,
				E295A2082A8761BC00DCDC64 /* Factories */,
				E22483262A80237200AF893C /* Storage */,
				E2579CF329EBEC45006ABEA8 /* Extensions */,
				E2579CF229EBEC3A006ABEA8 /* Views */,
				E217D0B429F054C100DE5C5F /* AppState.swift */,
				E295A20D2A8A956700DCDC64 /* AccountManager.swift */,
				E24FAA342BA32BFD003CF17B /* TransactionUtility.swift */,
				E24FAA362BA349FF003CF17B /* AccountUtility.swift */,
			);
			path = Utils;
			sourceTree = "<group>";
		};
		E22C58EA29E8197F0065EEE2 /* Views */ = {
			isa = PBXGroup;
			children = (
				E29C723A2AAF9F2900C05222 /* Home */,
				E295D68E2A8EC3E6006C26EC /* Developer */,
				E24363E82A7567B30053FD28 /* Components */,
				E24363DF2A753B290053FD28 /* Auth */,
				E282BA022A095BF6005C9F01 /* ProfileViews */,
				E2579D2629EEA96B006ABEA8 /* DetailViews */,
				E2579D2529EEA943006ABEA8 /* Lists */,
				E2579D2429EEA92E006ABEA8 /* Cards */,
				E2579D1729ED999C006ABEA8 /* Utils */,
				E2579D2229EDEEF5006ABEA8 /* HomeView.swift */,
				E2579D1A29EDEB09006ABEA8 /* MainView.swift */,
				E24363EB2A75BDCD0053FD28 /* BaseView.swift */,
			);
			path = Views;
			sourceTree = "<group>";
		};
		E24363DF2A753B290053FD28 /* Auth */ = {
			isa = PBXGroup;
			children = (
				E24363E62A7557E10053FD28 /* AuthHeaderView.swift */,
				E24363ED2A75BE350053FD28 /* OnboardingView.swift */,
				E24363E02A753B7D0053FD28 /* SignUpView.swift */,
				E24363E22A753BA50053FD28 /* SignInView.swift */,
				E24363E42A7554D00053FD28 /* RegisterWalletWithMnemonicView.swift */,
				E2BCAC4B2A7B1C5000A14654 /* SetupPinView.swift */,
				E2BCAC3F2A7AC50200A14654 /* CreateWalletView.swift */,
				E28BDA0B2A9E52D30083EF0B /* Web3AuthLoginView.swift */,
				E2A509BA2AA2400000C10E56 /* SetupPinAndAccountView.swift */,
				E236D9E02B2CAA630073BD38 /* SetupPinAndAccountViewModel.swift */,
				E29C72382AA4F39D00C05222 /* RegisterAccountView.swift */,
			);
			path = Auth;
			sourceTree = "<group>";
		};
		E24363E82A7567B30053FD28 /* Components */ = {
			isa = PBXGroup;
			children = (
				E2BCAC4D2A7B1DA400A14654 /* OTP */,
				E24363E92A7567D10053FD28 /* ActionButton.swift */,
				E2C327882BA5EB450010E14B /* OutlineButton.swift */,
				E2BCAC412A7AC83E00A14654 /* AddressView.swift */,
				E2A7D2622A8FE7AA00F885C3 /* NFTImagePicker.swift */,
				E2A7D2672A901D8500F885C3 /* LottieView.swift */,
			);
			path = Components;
			sourceTree = "<group>";
		};
		E24FAA052BA17482003CF17B /* Frameworks */ = {
			isa = PBXGroup;
			children = (
				E24FAA252BA1752F003CF17B /* Package.swift */,
				E24FAA242BA1750B003CF17B /* Inventory */,
				E24FAA152BA17494003CF17B /* InventoryProgram */,
				E24FAA062BA17483003CF17B /* InventoryProgram */,
			);
			name = Frameworks;
			sourceTree = "<group>";
		};
		E24FAA062BA17483003CF17B /* InventoryProgram */ = {
			isa = PBXGroup;
			children = (
				E24FAA072BA17483003CF17B /* instructions */,
				E24FAA0F2BA17483003CF17B /* accounts */,
				E24FAA122BA17483003CF17B /* Program.swift */,
				E24FAA132BA17483003CF17B /* errors */,
			);
			path = InventoryProgram;
			sourceTree = "<group>";
		};
		E24FAA072BA17483003CF17B /* instructions */ = {
			isa = PBXGroup;
			children = (
				E24FAA082BA17483003CF17B /* addAsset.swift */,
				E24FAA092BA17483003CF17B /* buyAsset.swift */,
				E24FAA0A2BA17483003CF17B /* updateAssetInfo.swift */,
				E24FAA0B2BA17483003CF17B /* closeInventory.swift */,
				E24FAA0C2BA17483003CF17B /* initialize.swift */,
				E24FAA0D2BA17483003CF17B /* withdrawAsset.swift */,
				E24FAA0E2BA17483003CF17B /* createInventory.swift */,
			);
			path = instructions;
			sourceTree = "<group>";
		};
		E24FAA0F2BA17483003CF17B /* accounts */ = {
			isa = PBXGroup;
			children = (
				E24FAA102BA17483003CF17B /* AssetInfo.swift */,
				E24FAA112BA17483003CF17B /* Inventory.swift */,
			);
			path = accounts;
			sourceTree = "<group>";
		};
		E24FAA132BA17483003CF17B /* errors */ = {
			isa = PBXGroup;
			children = (
				E24FAA142BA17483003CF17B /* Error.swift */,
			);
			path = errors;
			sourceTree = "<group>";
		};
		E24FAA152BA17494003CF17B /* InventoryProgram */ = {
			isa = PBXGroup;
			children = (
				E24FAA162BA17494003CF17B /* instructions */,
				E24FAA1E2BA17494003CF17B /* accounts */,
				E24FAA212BA17494003CF17B /* Program.swift */,
				E24FAA222BA17494003CF17B /* errors */,
			);
			path = InventoryProgram;
			sourceTree = "<group>";
		};
		E24FAA162BA17494003CF17B /* instructions */ = {
			isa = PBXGroup;
			children = (
				E24FAA172BA17494003CF17B /* addAsset.swift */,
				E24FAA182BA17494003CF17B /* buyAsset.swift */,
				E24FAA192BA17494003CF17B /* updateAssetInfo.swift */,
				E24FAA1A2BA17494003CF17B /* closeInventory.swift */,
				E24FAA1B2BA17494003CF17B /* initialize.swift */,
				E24FAA1C2BA17494003CF17B /* withdrawAsset.swift */,
				E24FAA1D2BA17494003CF17B /* createInventory.swift */,
			);
			path = instructions;
			sourceTree = "<group>";
		};
		E24FAA1E2BA17494003CF17B /* accounts */ = {
			isa = PBXGroup;
			children = (
				E24FAA1F2BA17494003CF17B /* AssetInfo.swift */,
				E24FAA202BA17494003CF17B /* Inventory.swift */,
			);
			path = accounts;
			sourceTree = "<group>";
		};
		E24FAA222BA17494003CF17B /* errors */ = {
			isa = PBXGroup;
			children = (
				E24FAA232BA17494003CF17B /* Error.swift */,
			);
			path = errors;
			sourceTree = "<group>";
		};
		E24FAA402BA485EA003CF17B /* SendFlow */ = {
			isa = PBXGroup;
			children = (
				E24FAA3E2BA450D5003CF17B /* AddressPickerView.swift */,
				E24FAA412BA4861C003CF17B /* EnterAmountView.swift */,
				E2C327862BA5E83A0010E14B /* ConfirmTransactionView.swift */,
			);
			path = SendFlow;
			sourceTree = "<group>";
		};
		E2579CF229EBEC3A006ABEA8 /* Views */ = {
			isa = PBXGroup;
			children = (
				E2579CFB29ED4EA2006ABEA8 /* ScreenSize+Extension.swift */,
				E2579CFD29ED4F22006ABEA8 /* View+TextFiled.swift */,
				E22C58E829E8185E0065EEE2 /* Image+Extensions.swift */,
				E2579D1329ED8C9F006ABEA8 /* Font+Extensions.swift */,
				E2579D2029EDEDB1006ABEA8 /* Color+Extensions.swift */,
			);
			path = Views;
			sourceTree = "<group>";
		};
		E2579CF329EBEC45006ABEA8 /* Extensions */ = {
			isa = PBXGroup;
			children = (
				E2579D1529ED9452006ABEA8 /* Colors+Extensions.swift */,
				E20DC3FB2AA0D12B001BBD61 /* Data+Extensions.swift */,
				E217D0D029F7C03400DE5C5F /* Date+Extensions.swift */,
				E2579D0929ED87FF006ABEA8 /* Double+Extensions.swift */,
				E295A20B2A8A94AA00DCDC64 /* HotAccount+Extensions.swift */,
				E22483292A804C8900AF893C /* String+Extensions.swift */,
			);
			path = Extensions;
			sourceTree = "<group>";
		};
		E2579CF629ED191D006ABEA8 /* Shapes */ = {
			isa = PBXGroup;
			children = (
				E2579CEF29EB46CA006ABEA8 /* AdjustableBannerShape.swift */,
				E2579CF729ED195B006ABEA8 /* AdjustableBannerShapeViewModel.swift */,
				E2579CF929ED199F006ABEA8 /* BannerShape.swift */,
			);
			path = Shapes;
			sourceTree = "<group>";
		};
		E2579D0329ED8611006ABEA8 /* Models */ = {
			isa = PBXGroup;
			children = (
				E2BCAC462A7AE46100A14654 /* Path */,
				E2BCAC3A2A78247F00A14654 /* Menu */,
				E2579D0429ED8636006ABEA8 /* NFT.swift */,
				E24FAA322BA2E011003CF17B /* NFT+Transactions.swift */,
				E2579D1E29EDEBC2006ABEA8 /* NavBarMenu.swift */,
				E217D0B029EEB4B900DE5C5F /* AssetModel.swift */,
				E217D0B229EEB77800DE5C5F /* AssetModelType.swift */,
				E217D0B629F0550B00DE5C5F /* LoginStatus.swift */,
				E217D0CC29F70FB000DE5C5F /* cTransaction.swift */,
				E217D0CE29F7BA0A00DE5C5F /* Valuation.swift */,
				E2BCAC342A77E06900A14654 /* Developer.swift */,
				E2BCAC362A77E08900A14654 /* Project.swift */,
				E2B3CC462A9F5B1A00CDAD94 /* User.swift */,
			);
			path = Models;
			sourceTree = "<group>";
		};
		E2579D0B29ED8AE3006ABEA8 /* Fonts */ = {
			isa = PBXGroup;
			children = (
				E2BCAC452A7AE43200A14654 /* Path */,
				E24363F42A76374A0053FD28 /* Pacifico-Regular.ttf */,
				E2579D0C29ED8AFF006ABEA8 /* Roboto-Regular.ttf */,
				E2579D0E29ED8B09006ABEA8 /* Roboto-Medium.ttf */,
				E2579D1029ED8B13006ABEA8 /* Roboto-Bold.ttf */,
			);
			path = Fonts;
			sourceTree = "<group>";
		};
		E2579D1729ED999C006ABEA8 /* Utils */ = {
			isa = PBXGroup;
			children = (
				E28BDA102A9E6B2E0083EF0B /* Modifiers */,
				E2579CF429EBEC93006ABEA8 /* OffsetObservingScrollView.swift */,
				E2579D1C29EDEBA0006ABEA8 /* NavigationBar.swift */,
				E282BA032A095E33005C9F01 /* DismissButton.swift */,
				E2290DB22B42E05200D5A403 /* RoundButton.swift */,
			);
			path = Utils;
			sourceTree = "<group>";
		};
		E2579D2429EEA92E006ABEA8 /* Cards */ = {
			isa = PBXGroup;
			children = (
				E2579CFF29ED8542006ABEA8 /* NFTCard.swift */,
				E217D0BC29F192C800DE5C5F /* TinyNFTCards.swift */,
				E217D0C029F40FB000DE5C5F /* DeveloperCard.swift */,
				E217D0C229F4464E00DE5C5F /* ProjectCard.swift */,
				E2A3E3962A0B8D50009C710C /* TransactionItem.swift */,
			);
			path = Cards;
			sourceTree = "<group>";
		};
		E2579D2529EEA943006ABEA8 /* Lists */ = {
			isa = PBXGroup;
			children = (
				E2579D1829ED99F4006ABEA8 /* NFTGrid.swift */,
				E217D0C429F53A3B00DE5C5F /* ProjectCarousel.swift */,
				E217D0C829F5E58C00DE5C5F /* PopularDeveloperRow.swift */,
				E217D0CA29F694D500DE5C5F /* PropertyFeatureFullList.swift */,
				E2A3E3942A0B8B56009C710C /* TransactionList.swift */,
			);
			path = Lists;
			sourceTree = "<group>";
		};
		E2579D2629EEA96B006ABEA8 /* DetailViews */ = {
			isa = PBXGroup;
			children = (
				E2579D2729EEAA18006ABEA8 /* NFTDetailsView.swift */,
				E217D0BE29F1A34000DE5C5F /* NFTDetailsViewModel.swift */,
				E217D0BA29F17FC700DE5C5F /* ModelSceneView.swift */,
				E217D0D229F80C1400DE5C5F /* PriceHistoryComponent.swift */,
				E217D0D429F9C07800DE5C5F /* PurchaseNFTView.swift */,
				E2A3E3982A0BE9FF009C710C /* ProjectDetailsView.swift */,
			);
			path = DetailViews;
			sourceTree = "<group>";
		};
		E2579D2929EEAC60006ABEA8 /* AssetModels */ = {
			isa = PBXGroup;
			children = (
				E2579D2C29EEACB2006ABEA8 /* Kitchen.usdz */,
				E2579D2A29EEACA0006ABEA8 /* House.usdz */,
			);
			path = AssetModels;
			sourceTree = "<group>";
		};
		E282BA022A095BF6005C9F01 /* ProfileViews */ = {
			isa = PBXGroup;
			children = (
				E2A884792A65D57D00B68A93 /* Wallet */,
				E2A5DDF92A519E1600E8E930 /* ProfileScreen.swift */,
				E2A5DDFB2A51AC1200E8E930 /* ProfileMenuView.swift */,
				E2BCAC382A7821E700A14654 /* MenuItemView.swift */,
				E22C58EB29E81A880065EEE2 /* ProfileView.swift */,
				E217D0B829F06B5200DE5C5F /* ProfileViewModel.swift */,
				E282BA002A0949B0005C9F01 /* DeveloperProfileView.swift */,
			);
			path = ProfileViews;
			sourceTree = "<group>";
		};
		E28BDA102A9E6B2E0083EF0B /* Modifiers */ = {
			isa = PBXGroup;
			children = (
				E28BDA112A9E6B5F0083EF0B /* ActionButtonModifier.swift */,
				E2A509C02AA257F700C10E56 /* LoadingModifier.swift */,
				E24FAA3A2BA350E5003CF17B /* SuccessModifier.swift */,
				E24FAA3C2BA373CC003CF17B /* ErrorModifier.swift */,
			);
			path = Modifiers;
			sourceTree = "<group>";
		};
		E295A2082A8761BC00DCDC64 /* Factories */ = {
			isa = PBXGroup;
			children = (
				E20DC3F62AA0D082001BBD61 /* IAccountFactory.swift */,
				E295A2092A8761FA00DCDC64 /* AccountFactory.swift */,
			);
			path = Factories;
			sourceTree = "<group>";
		};
		E295D6852A8E8020006C26EC /* Services */ = {
			isa = PBXGroup;
			children = (
				E2A509B32AA1648E00C10E56 /* Extensions */,
				E20DC3FD2AA0DF18001BBD61 /* Clusttr */,
				E2BC02012A90B57800337693 /* APIs */,
				E2BC01FC2A90B06800337693 /* Params */,
				E295D68B2A8EC050006C26EC /* NFT */,
				E295D6882A8E85CA006C26EC /* Models */,
				E2A509B62AA1658A00C10E56 /* ClusttrAPIs.swift */,
			);
			path = Services;
			sourceTree = "<group>";
		};
		E295D6882A8E85CA006C26EC /* Models */ = {
			isa = PBXGroup;
			children = (
				E295D6892A8E85DD006C26EC /* NFTModel.swift */,
				E2BC01FF2A90B21000337693 /* NFTStatus.swift */,
			);
			path = Models;
			sourceTree = "<group>";
		};
		E295D68B2A8EC050006C26EC /* NFT */ = {
			isa = PBXGroup;
			children = (
				E295D68C2A8EC083006C26EC /* NFTService.swift */,
			);
			path = NFT;
			sourceTree = "<group>";
		};
		E295D68E2A8EC3E6006C26EC /* Developer */ = {
			isa = PBXGroup;
			children = (
				E295D68F2A8ED0B2006C26EC /* DeveloperWelcomeView.swift */,
				E295D6912A8ED0C5006C26EC /* CreateNFTView.swift */,
				E2BC02022A90CC5B00337693 /* CreateNFTViewModel.swift */,
				E295D6932A8F55FD006C26EC /* DeveloperView.swift */,
			);
			path = Developer;
			sourceTree = "<group>";
		};
		E29C723A2AAF9F2900C05222 /* Home */ = {
			isa = PBXGroup;
			children = (
				E29C723B2AAF9F4400C05222 /* HomeViewV2.swift */,
				E2E9385E2ADAA1650045E20E /* HomeViewModelV2.swift */,
				E263122A2AB069DA000FCEB4 /* TokenCard.swift */,
				E263122C2AB06D10000FCEB4 /* TokenCategoryPicker.swift */,
			);
			path = Home;
			sourceTree = "<group>";
		};
		E2A509B32AA1648E00C10E56 /* Extensions */ = {
			isa = PBXGroup;
			children = (
				E2A509B42AA164B500C10E56 /* URLSession+Extensions.swift */,
			);
			path = Extensions;
			sourceTree = "<group>";
		};
		E2A509C22AA29BF200C10E56 /* DTOs */ = {
			isa = PBXGroup;
			children = (
				E2A509C32AA29C8A00C10E56 /* Results */,
				E2A509C62AA29D3700C10E56 /* TestDTO.swift */,
				E2A509C82AA29D6C00C10E56 /* LoginDTO.swift */,
				E2E9385A2ADA948C0045E20E /* UserDTO.swift */,
				E2E938622ADADB570045E20E /* AssetDTO.swift */,
			);
			path = DTOs;
			sourceTree = "<group>";
		};
		E2A509C32AA29C8A00C10E56 /* Results */ = {
			isa = PBXGroup;
			children = (
				E2A509C42AA29CA500C10E56 /* AuthResultDTO.swift */,
			);
			path = Results;
			sourceTree = "<group>";
		};
		E2A7D2692A90202300F885C3 /* LottieFiles */ = {
			isa = PBXGroup;
			children = (
				E2A509BE2AA24BF200C10E56 /* loading.json */,
				E27445A92A9022910092C6AD /* construction_progress.json */,
			);
			path = LottieFiles;
			sourceTree = "<group>";
		};
		E2A884792A65D57D00B68A93 /* Wallet */ = {
			isa = PBXGroup;
			children = (
				E24FAA402BA485EA003CF17B /* SendFlow */,
				E2A8847A2A65D5AF00B68A93 /* WalletView.swift */,
				E2DED9F62A65EA35002399A8 /* BenefactorRowView.swift */,
				E295A20F2A8B5B6600DCDC64 /* AccountInfoView.swift */,
			);
			path = Wallet;
			sourceTree = "<group>";
		};
		E2BC01FC2A90B06800337693 /* Params */ = {
			isa = PBXGroup;
			children = (
				E2BC01FD2A90B09100337693 /* CreateNFTParams.swift */,
			);
			path = Params;
			sourceTree = "<group>";
		};
		E2BC02012A90B57800337693 /* APIs */ = {
			isa = PBXGroup;
			children = (
				E295D6862A8E8065006C26EC /* CrossMintAPIs.swift */,
			);
			path = APIs;
			sourceTree = "<group>";
		};
		E2BCAC3A2A78247F00A14654 /* Menu */ = {
			isa = PBXGroup;
			children = (
				E2BCAC3B2A78249400A14654 /* Menu.swift */,
				E2BCAC3D2A7824BD00A14654 /* ProfileMenu.swift */,
			);
			path = Menu;
			sourceTree = "<group>";
		};
		E2BCAC452A7AE43200A14654 /* Path */ = {
			isa = PBXGroup;
			children = (
			);
			path = Path;
			sourceTree = "<group>";
		};
		E2BCAC462A7AE46100A14654 /* Path */ = {
			isa = PBXGroup;
			children = (
				E2BCAC432A7AE35B00A14654 /* AuthPath.swift */,
				E2A7D2602A8F927C00F885C3 /* DeveloperPath.swift */,
			);
			path = Path;
			sourceTree = "<group>";
		};
		E2BCAC4D2A7B1DA400A14654 /* OTP */ = {
			isa = PBXGroup;
			children = (
				E2BCAC492A7B17E900A14654 /* OTPFormFieldView.swift */,
				E2BCAC4E2A7B1DC000A14654 /* OTPModifier.swift */,
				E24AE4CD2A7ECE6900FE2903 /* OTPField.swift */,
				E24AE4CF2A7ED33800FE2903 /* OTPView.swift */,
			);
			path = OTP;
			sourceTree = "<group>";
		};
/* End PBXGroup section */

/* Begin PBXNativeTarget section */
		E22C58D529E8167F0065EEE2 /* Lego */ = {
			isa = PBXNativeTarget;
			buildConfigurationList = E22C58E429E816820065EEE2 /* Build configuration list for PBXNativeTarget "Lego" */;
			buildPhases = (
				E22C58D229E8167F0065EEE2 /* Sources */,
				E22C58D329E8167F0065EEE2 /* Frameworks */,
				E22C58D429E8167F0065EEE2 /* Resources */,
			);
			buildRules = (
			);
			dependencies = (
			);
			name = Lego;
			packageProductDependencies = (
				E2579D0729ED86F7006ABEA8 /* Fakery */,
				E2A884772A65CE5700B68A93 /* Solana */,
				E224832C2A8077FF00AF893C /* KeychainSwift */,
				E2A7D2652A9010E600F885C3 /* Lottie */,
				E2BC01FA2A902CBF00337693 /* AlertToast */,
				E28BDA0E2A9E5BFC0083EF0B /* Web3Auth */,
				E24FAA262BA17542003CF17B /* InventoryProgram */,
			);
			productName = Lego;
			productReference = E22C58D629E8167F0065EEE2 /* Lego.app */;
			productType = "com.apple.product-type.application";
		};
/* End PBXNativeTarget section */

/* Begin PBXProject section */
		E22C58CE29E8167F0065EEE2 /* Project object */ = {
			isa = PBXProject;
			attributes = {
				BuildIndependentTargetsInParallel = 1;
				LastSwiftUpdateCheck = 1430;
				LastUpgradeCheck = 1430;
				TargetAttributes = {
					E22C58D529E8167F0065EEE2 = {
						CreatedOnToolsVersion = 14.3;
					};
				};
			};
			buildConfigurationList = E22C58D129E8167F0065EEE2 /* Build configuration list for PBXProject "Lego" */;
			compatibilityVersion = "Xcode 14.0";
			developmentRegion = en;
			hasScannedForEncodings = 0;
			knownRegions = (
				en,
				Base,
			);
			mainGroup = E22C58CD29E8167F0065EEE2;
			packageReferences = (
				E2579D0629ED86F7006ABEA8 /* XCRemoteSwiftPackageReference "Fakery" */,
				E2A884762A65CE5700B68A93 /* XCRemoteSwiftPackageReference "Solana" */,
				E224832B2A8077FF00AF893C /* XCRemoteSwiftPackageReference "keychain-swift" */,
				E2A7D2642A9010E600F885C3 /* XCRemoteSwiftPackageReference "lottie-ios" */,
				E2BC01F92A902CBF00337693 /* XCRemoteSwiftPackageReference "AlertToast" */,
				E28BDA0D2A9E5BFC0083EF0B /* XCRemoteSwiftPackageReference "web3auth-swift-sdk" */,
				E2FA20682B5911E500979123 /* XCLocalSwiftPackageReference "../../../RustroverProjects/clusttr/account-manager/src/generated" */,
			);
			productRefGroup = E22C58D729E8167F0065EEE2 /* Products */;
			projectDirPath = "";
			projectRoot = "";
			targets = (
				E22C58D529E8167F0065EEE2 /* Lego */,
			);
		};
/* End PBXProject section */

/* Begin PBXResourcesBuildPhase section */
		E22C58D429E8167F0065EEE2 /* Resources */ = {
			isa = PBXResourcesBuildPhase;
			buildActionMask = 2147483647;
			files = (
				E2579D2B29EEACA0006ABEA8 /* House.usdz in Resources */,
				E2579D0F29ED8B09006ABEA8 /* Roboto-Medium.ttf in Resources */,
				E2579D0D29ED8AFF006ABEA8 /* Roboto-Regular.ttf in Resources */,
				E2579D1129ED8B14006ABEA8 /* Roboto-Bold.ttf in Resources */,
				E2A509BF2AA24BF200C10E56 /* loading.json in Resources */,
				E2579D2D29EEACB2006ABEA8 /* Kitchen.usdz in Resources */,
				E24363F52A7644920053FD28 /* Pacifico-Regular.ttf in Resources */,
				E22C58E129E816810065EEE2 /* Preview Assets.xcassets in Resources */,
				E27445AA2A9022910092C6AD /* construction_progress.json in Resources */,
				E22C58DE29E816810065EEE2 /* Assets.xcassets in Resources */,
			);
			runOnlyForDeploymentPostprocessing = 0;
		};
/* End PBXResourcesBuildPhase section */

/* Begin PBXSourcesBuildPhase section */
		E22C58D229E8167F0065EEE2 /* Sources */ = {
			isa = PBXSourcesBuildPhase;
			buildActionMask = 2147483647;
			files = (
				E2E938612ADAA3640045E20E /* TokenService.swift in Sources */,
				E282BA012A0949B0005C9F01 /* DeveloperProfileView.swift in Sources */,
				E2579CFA29ED199F006ABEA8 /* BannerShape.swift in Sources */,
				E24AE4D02A7ED33800FE2903 /* OTPView.swift in Sources */,
				E2A509B72AA1658A00C10E56 /* ClusttrAPIs.swift in Sources */,
				E20DC3FC2AA0D12B001BBD61 /* Data+Extensions.swift in Sources */,
				E217D0CF29F7BA0A00DE5C5F /* Valuation.swift in Sources */,
				E224832A2A804C8900AF893C /* String+Extensions.swift in Sources */,
				E2A509C92AA29D6C00C10E56 /* LoginDTO.swift in Sources */,
				E295D68A2A8E85DD006C26EC /* NFTModel.swift in Sources */,
				E2579D0A29ED87FF006ABEA8 /* Double+Extensions.swift in Sources */,
				E2A509B52AA164B500C10E56 /* URLSession+Extensions.swift in Sources */,
				E2A509C52AA29CA500C10E56 /* AuthResultDTO.swift in Sources */,
				E2A509C12AA257F700C10E56 /* LoadingModifier.swift in Sources */,
				E2579D0029ED8542006ABEA8 /* NFTCard.swift in Sources */,
				E2A7D2632A8FE7AA00F885C3 /* NFTImagePicker.swift in Sources */,
				E2E938632ADADB570045E20E /* AssetDTO.swift in Sources */,
				E217D0B929F06B5200DE5C5F /* ProfileViewModel.swift in Sources */,
				E2579CF529EBEC94006ABEA8 /* OffsetObservingScrollView.swift in Sources */,
				E2A7D2682A901D8500F885C3 /* LottieView.swift in Sources */,
				E2579CFC29ED4EA3006ABEA8 /* ScreenSize+Extension.swift in Sources */,
				E20DC3F92AA0D0D2001BBD61 /* AccountError.swift in Sources */,
				E2A7D2612A8F927C00F885C3 /* DeveloperPath.swift in Sources */,
				E2BCAC442A7AE35C00A14654 /* AuthPath.swift in Sources */,
				E2BC01FE2A90B09100337693 /* CreateNFTParams.swift in Sources */,
				E295D6942A8F55FE006C26EC /* DeveloperView.swift in Sources */,
				E24FAA3D2BA373CC003CF17B /* ErrorModifier.swift in Sources */,
				E2579D1D29EDEBA0006ABEA8 /* NavigationBar.swift in Sources */,
				E2579CF029EB46CA006ABEA8 /* AdjustableBannerShape.swift in Sources */,
				E217D0D129F7C03400DE5C5F /* Date+Extensions.swift in Sources */,
				E2E9385F2ADAA1650045E20E /* HomeViewModelV2.swift in Sources */,
				E2BC02002A90B21000337693 /* NFTStatus.swift in Sources */,
				E2579CFE29ED4F23006ABEA8 /* View+TextFiled.swift in Sources */,
				E217D0BB29F17FC700DE5C5F /* ModelSceneView.swift in Sources */,
				E24363EE2A75BE350053FD28 /* OnboardingView.swift in Sources */,
				E2BCAC4A2A7B17E900A14654 /* OTPFormFieldView.swift in Sources */,
				E295D6902A8ED0B2006C26EC /* DeveloperWelcomeView.swift in Sources */,
				E24FAA3B2BA350E5003CF17B /* SuccessModifier.swift in Sources */,
				E2BCAC422A7AC83E00A14654 /* AddressView.swift in Sources */,
				E295D6922A8ED0C5006C26EC /* CreateNFTView.swift in Sources */,
				E217D0C529F53A3C00DE5C5F /* ProjectCarousel.swift in Sources */,
				E2A3E3992A0BE9FF009C710C /* ProjectDetailsView.swift in Sources */,
				E24363E72A7557E10053FD28 /* AuthHeaderView.swift in Sources */,
				E29C723C2AAF9F4500C05222 /* HomeViewV2.swift in Sources */,
				E2290DB32B42E05200D5A403 /* RoundButton.swift in Sources */,
				E217D0BD29F192C800DE5C5F /* TinyNFTCards.swift in Sources */,
				E24363E12A753B7D0053FD28 /* SignUpView.swift in Sources */,
				E263122D2AB06D10000FCEB4 /* TokenCategoryPicker.swift in Sources */,
				E2BCAC4F2A7B1DC000A14654 /* OTPModifier.swift in Sources */,
				E29C72392AA4F39D00C05222 /* RegisterAccountView.swift in Sources */,
				E217D0D329F80C1400DE5C5F /* PriceHistoryComponent.swift in Sources */,
				E2BC02032A90CC5B00337693 /* CreateNFTViewModel.swift in Sources */,
				E22C58EC29E81A880065EEE2 /* ProfileView.swift in Sources */,
				E217D0B729F0550B00DE5C5F /* LoginStatus.swift in Sources */,
				E2A509BB2AA2400000C10E56 /* SetupPinAndAccountView.swift in Sources */,
				E2579CF829ED195C006ABEA8 /* AdjustableBannerShapeViewModel.swift in Sources */,
				E2DED9F72A65EA35002399A8 /* BenefactorRowView.swift in Sources */,
				E295D6872A8E8065006C26EC /* CrossMintAPIs.swift in Sources */,
				E263122B2AB069DA000FCEB4 /* TokenCard.swift in Sources */,
				E2C327892BA5EB450010E14B /* OutlineButton.swift in Sources */,
				E28BDA0C2A9E52D30083EF0B /* Web3AuthLoginView.swift in Sources */,
				E24AE4CE2A7ECE6900FE2903 /* OTPField.swift in Sources */,
				E24FAA422BA4861D003CF17B /* EnterAmountView.swift in Sources */,
				E2579D1629ED9452006ABEA8 /* Colors+Extensions.swift in Sources */,
				E2579D0529ED8636006ABEA8 /* NFT.swift in Sources */,
				E2BCAC392A7821E700A14654 /* MenuItemView.swift in Sources */,
				E217D0C929F5E58C00DE5C5F /* PopularDeveloperRow.swift in Sources */,
				E217D0C129F40FB000DE5C5F /* DeveloperCard.swift in Sources */,
				E2BCAC402A7AC50200A14654 /* CreateWalletView.swift in Sources */,
				E217D0D529F9C07800DE5C5F /* PurchaseNFTView.swift in Sources */,
				E24FAA372BA349FF003CF17B /* AccountUtility.swift in Sources */,
				E2A509C72AA29D3700C10E56 /* TestDTO.swift in Sources */,
				E2BCAC3E2A7824BD00A14654 /* ProfileMenu.swift in Sources */,
				E2579D1B29EDEB09006ABEA8 /* MainView.swift in Sources */,
				E20DC4002AA0DF73001BBD61 /* AuthService.swift in Sources */,
				E2579D1429ED8C9F006ABEA8 /* Font+Extensions.swift in Sources */,
				E282BA042A095E33005C9F01 /* DismissButton.swift in Sources */,
				E217D0CB29F694D500DE5C5F /* PropertyFeatureFullList.swift in Sources */,
				E2579D1F29EDEBC2006ABEA8 /* NavBarMenu.swift in Sources */,
				E28BDA122A9E6B5F0083EF0B /* ActionButtonModifier.swift in Sources */,
				E295A20A2A8761FA00DCDC64 /* AccountFactory.swift in Sources */,
				E24363E52A7554D00053FD28 /* RegisterWalletWithMnemonicView.swift in Sources */,
				E2579D2329EDEEF5006ABEA8 /* HomeView.swift in Sources */,
				E2E9385B2ADA948D0045E20E /* UserDTO.swift in Sources */,
				E2A3E3952A0B8B56009C710C /* TransactionList.swift in Sources */,
				E217D0B529F054C100DE5C5F /* AppState.swift in Sources */,
				E2BCAC4C2A7B1C5000A14654 /* SetupPinView.swift in Sources */,
				E2579D2129EDEDB1006ABEA8 /* Color+Extensions.swift in Sources */,
				E2BCAC352A77E06900A14654 /* Developer.swift in Sources */,
				E236D9E12B2CAA630073BD38 /* SetupPinAndAccountViewModel.swift in Sources */,
				E295A20C2A8A94AA00DCDC64 /* HotAccount+Extensions.swift in Sources */,
				E295A2102A8B5B6600DCDC64 /* AccountInfoView.swift in Sources */,
				E2A3E3972A0B8D50009C710C /* TransactionItem.swift in Sources */,
				E2B3CC472A9F5B1A00CDAD94 /* User.swift in Sources */,
				E217D0CD29F70FB000DE5C5F /* cTransaction.swift in Sources */,
				E20DC3F72AA0D082001BBD61 /* IAccountFactory.swift in Sources */,
				E2579D1929ED99F4006ABEA8 /* NFTGrid.swift in Sources */,
				E2BCAC372A77E08900A14654 /* Project.swift in Sources */,
				E24363EA2A7567D10053FD28 /* ActionButton.swift in Sources */,
				E24FAA3F2BA450D5003CF17B /* AddressPickerView.swift in Sources */,
				E24FAA332BA2E011003CF17B /* NFT+Transactions.swift in Sources */,
				E29C72372AA4E04500C05222 /* AccountService.swift in Sources */,
				E24363EC2A75BDCD0053FD28 /* BaseView.swift in Sources */,
				E217D0B329EEB77800DE5C5F /* AssetModelType.swift in Sources */,
				E2B3CC492A9F7F1D00CDAD94 /* LocalStorage.swift in Sources */,
				E22C58E929E8185E0065EEE2 /* Image+Extensions.swift in Sources */,
				E2E9385D2ADA95740045E20E /* UserService.swift in Sources */,
				E295A20E2A8A956700DCDC64 /* AccountManager.swift in Sources */,
				E24FAA352BA32BFD003CF17B /* TransactionUtility.swift in Sources */,
				E22C58DC29E8167F0065EEE2 /* ContentView.swift in Sources */,
				E2BCAC3C2A78249400A14654 /* Menu.swift in Sources */,
				E217D0BF29F1A34000DE5C5F /* NFTDetailsViewModel.swift in Sources */,
				E217D0B129EEB4B900DE5C5F /* AssetModel.swift in Sources */,
				E217D0C329F4464E00DE5C5F /* ProjectCard.swift in Sources */,
				E295D68D2A8EC083006C26EC /* NFTService.swift in Sources */,
				E2A5DDFA2A519E1700E8E930 /* ProfileScreen.swift in Sources */,
				E2579D2829EEAA18006ABEA8 /* NFTDetailsView.swift in Sources */,
				E2A5DDFC2A51AC1200E8E930 /* ProfileMenuView.swift in Sources */,
				E22C58DA29E8167F0065EEE2 /* LegoApp.swift in Sources */,
				E22483252A801FD000AF893C /* KeyChain.swift in Sources */,
				E2A8847B2A65D5AF00B68A93 /* WalletView.swift in Sources */,
				E2C327872BA5E83A0010E14B /* ConfirmTransactionView.swift in Sources */,
				E24363E32A753BA50053FD28 /* SignInView.swift in Sources */,
			);
			runOnlyForDeploymentPostprocessing = 0;
		};
/* End PBXSourcesBuildPhase section */

/* Begin XCBuildConfiguration section */
		E22C58E229E816810065EEE2 /* Debug */ = {
			isa = XCBuildConfiguration;
			buildSettings = {
				ALWAYS_SEARCH_USER_PATHS = NO;
				CLANG_ANALYZER_NONNULL = YES;
				CLANG_ANALYZER_NUMBER_OBJECT_CONVERSION = YES_AGGRESSIVE;
				CLANG_CXX_LANGUAGE_STANDARD = "gnu++20";
				CLANG_ENABLE_MODULES = YES;
				CLANG_ENABLE_OBJC_ARC = YES;
				CLANG_ENABLE_OBJC_WEAK = YES;
				CLANG_WARN_BLOCK_CAPTURE_AUTORELEASING = YES;
				CLANG_WARN_BOOL_CONVERSION = YES;
				CLANG_WARN_COMMA = YES;
				CLANG_WARN_CONSTANT_CONVERSION = YES;
				CLANG_WARN_DEPRECATED_OBJC_IMPLEMENTATIONS = YES;
				CLANG_WARN_DIRECT_OBJC_ISA_USAGE = YES_ERROR;
				CLANG_WARN_DOCUMENTATION_COMMENTS = YES;
				CLANG_WARN_EMPTY_BODY = YES;
				CLANG_WARN_ENUM_CONVERSION = YES;
				CLANG_WARN_INFINITE_RECURSION = YES;
				CLANG_WARN_INT_CONVERSION = YES;
				CLANG_WARN_NON_LITERAL_NULL_CONVERSION = YES;
				CLANG_WARN_OBJC_IMPLICIT_RETAIN_SELF = YES;
				CLANG_WARN_OBJC_LITERAL_CONVERSION = YES;
				CLANG_WARN_OBJC_ROOT_CLASS = YES_ERROR;
				CLANG_WARN_QUOTED_INCLUDE_IN_FRAMEWORK_HEADER = YES;
				CLANG_WARN_RANGE_LOOP_ANALYSIS = YES;
				CLANG_WARN_STRICT_PROTOTYPES = YES;
				CLANG_WARN_SUSPICIOUS_MOVE = YES;
				CLANG_WARN_UNGUARDED_AVAILABILITY = YES_AGGRESSIVE;
				CLANG_WARN_UNREACHABLE_CODE = YES;
				CLANG_WARN__DUPLICATE_METHOD_MATCH = YES;
				COPY_PHASE_STRIP = NO;
				DEBUG_INFORMATION_FORMAT = dwarf;
				ENABLE_STRICT_OBJC_MSGSEND = YES;
				ENABLE_TESTABILITY = YES;
				GCC_C_LANGUAGE_STANDARD = gnu11;
				GCC_DYNAMIC_NO_PIC = NO;
				GCC_NO_COMMON_BLOCKS = YES;
				GCC_OPTIMIZATION_LEVEL = 0;
				GCC_PREPROCESSOR_DEFINITIONS = (
					"DEBUG=1",
					"$(inherited)",
				);
				GCC_WARN_64_TO_32_BIT_CONVERSION = YES;
				GCC_WARN_ABOUT_RETURN_TYPE = YES_ERROR;
				GCC_WARN_UNDECLARED_SELECTOR = YES;
				GCC_WARN_UNINITIALIZED_AUTOS = YES_AGGRESSIVE;
				GCC_WARN_UNUSED_FUNCTION = YES;
				GCC_WARN_UNUSED_VARIABLE = YES;
				IPHONEOS_DEPLOYMENT_TARGET = 16.4;
				MTL_ENABLE_DEBUG_INFO = INCLUDE_SOURCE;
				MTL_FAST_MATH = YES;
				ONLY_ACTIVE_ARCH = YES;
				SDKROOT = iphoneos;
				SWIFT_ACTIVE_COMPILATION_CONDITIONS = DEBUG;
				SWIFT_OPTIMIZATION_LEVEL = "-Onone";
			};
			name = Debug;
		};
		E22C58E329E816810065EEE2 /* Release */ = {
			isa = XCBuildConfiguration;
			buildSettings = {
				ALWAYS_SEARCH_USER_PATHS = NO;
				CLANG_ANALYZER_NONNULL = YES;
				CLANG_ANALYZER_NUMBER_OBJECT_CONVERSION = YES_AGGRESSIVE;
				CLANG_CXX_LANGUAGE_STANDARD = "gnu++20";
				CLANG_ENABLE_MODULES = YES;
				CLANG_ENABLE_OBJC_ARC = YES;
				CLANG_ENABLE_OBJC_WEAK = YES;
				CLANG_WARN_BLOCK_CAPTURE_AUTORELEASING = YES;
				CLANG_WARN_BOOL_CONVERSION = YES;
				CLANG_WARN_COMMA = YES;
				CLANG_WARN_CONSTANT_CONVERSION = YES;
				CLANG_WARN_DEPRECATED_OBJC_IMPLEMENTATIONS = YES;
				CLANG_WARN_DIRECT_OBJC_ISA_USAGE = YES_ERROR;
				CLANG_WARN_DOCUMENTATION_COMMENTS = YES;
				CLANG_WARN_EMPTY_BODY = YES;
				CLANG_WARN_ENUM_CONVERSION = YES;
				CLANG_WARN_INFINITE_RECURSION = YES;
				CLANG_WARN_INT_CONVERSION = YES;
				CLANG_WARN_NON_LITERAL_NULL_CONVERSION = YES;
				CLANG_WARN_OBJC_IMPLICIT_RETAIN_SELF = YES;
				CLANG_WARN_OBJC_LITERAL_CONVERSION = YES;
				CLANG_WARN_OBJC_ROOT_CLASS = YES_ERROR;
				CLANG_WARN_QUOTED_INCLUDE_IN_FRAMEWORK_HEADER = YES;
				CLANG_WARN_RANGE_LOOP_ANALYSIS = YES;
				CLANG_WARN_STRICT_PROTOTYPES = YES;
				CLANG_WARN_SUSPICIOUS_MOVE = YES;
				CLANG_WARN_UNGUARDED_AVAILABILITY = YES_AGGRESSIVE;
				CLANG_WARN_UNREACHABLE_CODE = YES;
				CLANG_WARN__DUPLICATE_METHOD_MATCH = YES;
				COPY_PHASE_STRIP = NO;
				DEBUG_INFORMATION_FORMAT = "dwarf-with-dsym";
				ENABLE_NS_ASSERTIONS = NO;
				ENABLE_STRICT_OBJC_MSGSEND = YES;
				GCC_C_LANGUAGE_STANDARD = gnu11;
				GCC_NO_COMMON_BLOCKS = YES;
				GCC_WARN_64_TO_32_BIT_CONVERSION = YES;
				GCC_WARN_ABOUT_RETURN_TYPE = YES_ERROR;
				GCC_WARN_UNDECLARED_SELECTOR = YES;
				GCC_WARN_UNINITIALIZED_AUTOS = YES_AGGRESSIVE;
				GCC_WARN_UNUSED_FUNCTION = YES;
				GCC_WARN_UNUSED_VARIABLE = YES;
				IPHONEOS_DEPLOYMENT_TARGET = 16.4;
				MTL_ENABLE_DEBUG_INFO = NO;
				MTL_FAST_MATH = YES;
				SDKROOT = iphoneos;
				SWIFT_COMPILATION_MODE = wholemodule;
				SWIFT_OPTIMIZATION_LEVEL = "-O";
				VALIDATE_PRODUCT = YES;
			};
			name = Release;
		};
		E22C58E529E816820065EEE2 /* Debug */ = {
			isa = XCBuildConfiguration;
			buildSettings = {
				ASSETCATALOG_COMPILER_APPICON_NAME = AppIcon;
				ASSETCATALOG_COMPILER_GLOBAL_ACCENT_COLOR_NAME = AccentColor;
				CODE_SIGN_STYLE = Automatic;
				CURRENT_PROJECT_VERSION = 1;
				DEVELOPMENT_ASSET_PATHS = "\"Lego/Preview Content\"";
				DEVELOPMENT_TEAM = STBR373K7A;
				ENABLE_PREVIEWS = YES;
				GENERATE_INFOPLIST_FILE = YES;
				INFOPLIST_FILE = Lego/Info.plist;
				INFOPLIST_KEY_CFBundleDisplayName = Clusttr;
				INFOPLIST_KEY_LSApplicationCategoryType = "public.app-category.finance";
				INFOPLIST_KEY_UIApplicationSceneManifest_Generation = YES;
				INFOPLIST_KEY_UIApplicationSupportsIndirectInputEvents = YES;
				INFOPLIST_KEY_UILaunchScreen_Generation = YES;
				INFOPLIST_KEY_UISupportedInterfaceOrientations = UIInterfaceOrientationPortrait;
				INFOPLIST_KEY_UISupportedInterfaceOrientations_iPad = "UIInterfaceOrientationLandscapeLeft UIInterfaceOrientationLandscapeRight UIInterfaceOrientationPortrait UIInterfaceOrientationPortraitUpsideDown";
				IPHONEOS_DEPLOYMENT_TARGET = 17.0;
				LD_RUNPATH_SEARCH_PATHS = (
					"$(inherited)",
					"@executable_path/Frameworks",
				);
				MARKETING_VERSION = 1.0.0;
				PRODUCT_BUNDLE_IDENTIFIER = io.clusttr.app;
				PRODUCT_NAME = "$(TARGET_NAME)";
				SWIFT_EMIT_LOC_STRINGS = YES;
				SWIFT_VERSION = 5.0;
				TARGETED_DEVICE_FAMILY = "1,2";
			};
			name = Debug;
		};
		E22C58E629E816820065EEE2 /* Release */ = {
			isa = XCBuildConfiguration;
			buildSettings = {
				ASSETCATALOG_COMPILER_APPICON_NAME = AppIcon;
				ASSETCATALOG_COMPILER_GLOBAL_ACCENT_COLOR_NAME = AccentColor;
				CODE_SIGN_STYLE = Automatic;
				CURRENT_PROJECT_VERSION = 1;
				DEVELOPMENT_ASSET_PATHS = "\"Lego/Preview Content\"";
				DEVELOPMENT_TEAM = STBR373K7A;
				ENABLE_PREVIEWS = YES;
				GENERATE_INFOPLIST_FILE = YES;
				INFOPLIST_FILE = Lego/Info.plist;
				INFOPLIST_KEY_CFBundleDisplayName = Clusttr;
				INFOPLIST_KEY_LSApplicationCategoryType = "public.app-category.finance";
				INFOPLIST_KEY_UIApplicationSceneManifest_Generation = YES;
				INFOPLIST_KEY_UIApplicationSupportsIndirectInputEvents = YES;
				INFOPLIST_KEY_UILaunchScreen_Generation = YES;
				INFOPLIST_KEY_UISupportedInterfaceOrientations = UIInterfaceOrientationPortrait;
				INFOPLIST_KEY_UISupportedInterfaceOrientations_iPad = "UIInterfaceOrientationLandscapeLeft UIInterfaceOrientationLandscapeRight UIInterfaceOrientationPortrait UIInterfaceOrientationPortraitUpsideDown";
				IPHONEOS_DEPLOYMENT_TARGET = 17.0;
				LD_RUNPATH_SEARCH_PATHS = (
					"$(inherited)",
					"@executable_path/Frameworks",
				);
				MARKETING_VERSION = 1.0.0;
				PRODUCT_BUNDLE_IDENTIFIER = io.clusttr.app;
				PRODUCT_NAME = "$(TARGET_NAME)";
				SWIFT_EMIT_LOC_STRINGS = YES;
				SWIFT_VERSION = 5.0;
				TARGETED_DEVICE_FAMILY = "1,2";
			};
			name = Release;
		};
/* End XCBuildConfiguration section */

/* Begin XCConfigurationList section */
		E22C58D129E8167F0065EEE2 /* Build configuration list for PBXProject "Lego" */ = {
			isa = XCConfigurationList;
			buildConfigurations = (
				E22C58E229E816810065EEE2 /* Debug */,
				E22C58E329E816810065EEE2 /* Release */,
			);
			defaultConfigurationIsVisible = 0;
			defaultConfigurationName = Release;
		};
		E22C58E429E816820065EEE2 /* Build configuration list for PBXNativeTarget "Lego" */ = {
			isa = XCConfigurationList;
			buildConfigurations = (
				E22C58E529E816820065EEE2 /* Debug */,
				E22C58E629E816820065EEE2 /* Release */,
			);
			defaultConfigurationIsVisible = 0;
			defaultConfigurationName = Release;
		};
/* End XCConfigurationList section */

/* Begin XCLocalSwiftPackageReference section */
		E2FA20682B5911E500979123 /* XCLocalSwiftPackageReference "../../../RustroverProjects/clusttr/account-manager/src/generated" */ = {
			isa = XCLocalSwiftPackageReference;
			relativePath = "../../../RustroverProjects/clusttr/account-manager/src/generated";
		};
/* End XCLocalSwiftPackageReference section */

/* Begin XCRemoteSwiftPackageReference section */
		E224832B2A8077FF00AF893C /* XCRemoteSwiftPackageReference "keychain-swift" */ = {
			isa = XCRemoteSwiftPackageReference;
			repositoryURL = "https://github.com/evgenyneu/keychain-swift";
			requirement = {
				kind = upToNextMajorVersion;
				minimumVersion = 20.0.0;
			};
		};
		E2579D0629ED86F7006ABEA8 /* XCRemoteSwiftPackageReference "Fakery" */ = {
			isa = XCRemoteSwiftPackageReference;
			repositoryURL = "https://github.com/vadymmarkov/Fakery";
			requirement = {
				kind = upToNextMajorVersion;
				minimumVersion = 5.0.0;
			};
		};
		E28BDA0D2A9E5BFC0083EF0B /* XCRemoteSwiftPackageReference "web3auth-swift-sdk" */ = {
			isa = XCRemoteSwiftPackageReference;
			repositoryURL = "https://github.com/Web3Auth/web3auth-swift-sdk";
			requirement = {
				kind = upToNextMajorVersion;
				minimumVersion = 6.0.0;
			};
		};
		E2A7D2642A9010E600F885C3 /* XCRemoteSwiftPackageReference "lottie-ios" */ = {
			isa = XCRemoteSwiftPackageReference;
			repositoryURL = "https://github.com/airbnb/lottie-ios";
			requirement = {
				kind = upToNextMajorVersion;
				minimumVersion = 4.0.0;
			};
		};
		E2A884762A65CE5700B68A93 /* XCRemoteSwiftPackageReference "Solana" */ = {
			isa = XCRemoteSwiftPackageReference;
			repositoryURL = "https://github.com/metaplex-foundation/Solana.Swift";
			requirement = {
				kind = upToNextMajorVersion;
				minimumVersion = 2.0.0;
			};
		};
		E2BC01F92A902CBF00337693 /* XCRemoteSwiftPackageReference "AlertToast" */ = {
			isa = XCRemoteSwiftPackageReference;
			repositoryURL = "https://github.com/elai950/AlertToast.git";
			requirement = {
				kind = upToNextMajorVersion;
				minimumVersion = 1.0.0;
			};
		};
/* End XCRemoteSwiftPackageReference section */

/* Begin XCSwiftPackageProductDependency section */
		E224832C2A8077FF00AF893C /* KeychainSwift */ = {
			isa = XCSwiftPackageProductDependency;
			package = E224832B2A8077FF00AF893C /* XCRemoteSwiftPackageReference "keychain-swift" */;
			productName = KeychainSwift;
		};
		E24FAA262BA17542003CF17B /* InventoryProgram */ = {
			isa = XCSwiftPackageProductDependency;
			productName = InventoryProgram;
		};
		E2579D0729ED86F7006ABEA8 /* Fakery */ = {
			isa = XCSwiftPackageProductDependency;
			package = E2579D0629ED86F7006ABEA8 /* XCRemoteSwiftPackageReference "Fakery" */;
			productName = Fakery;
		};
		E28BDA0E2A9E5BFC0083EF0B /* Web3Auth */ = {
			isa = XCSwiftPackageProductDependency;
			package = E28BDA0D2A9E5BFC0083EF0B /* XCRemoteSwiftPackageReference "web3auth-swift-sdk" */;
			productName = Web3Auth;
		};
		E2A7D2652A9010E600F885C3 /* Lottie */ = {
			isa = XCSwiftPackageProductDependency;
			package = E2A7D2642A9010E600F885C3 /* XCRemoteSwiftPackageReference "lottie-ios" */;
			productName = Lottie;
		};
		E2A884772A65CE5700B68A93 /* Solana */ = {
			isa = XCSwiftPackageProductDependency;
			package = E2A884762A65CE5700B68A93 /* XCRemoteSwiftPackageReference "Solana" */;
			productName = Solana;
		};
		E2BC01FA2A902CBF00337693 /* AlertToast */ = {
			isa = XCSwiftPackageProductDependency;
			package = E2BC01F92A902CBF00337693 /* XCRemoteSwiftPackageReference "AlertToast" */;
			productName = AlertToast;
		};
/* End XCSwiftPackageProductDependency section */
	};
	rootObject = E22C58CE29E8167F0065EEE2 /* Project object */;
}
